cloud.google.com/go v0.34.0 h1:eOI3/cP2VTU6uZLDYAoic+eyzzB9YyGmJ7eIjl8rOPg=
cloud.google.com/go v0.34.0/go.mod h1:aQUYkXzVsufM+DwF1aE+0xfcU+56JwCaLick0ClmMTw=
github.com/DataDog/zstd v1.4.4 h1:+IawcoXhCBylN7ccwdwf8LOH2jKq7NavGpEPanrlTzE=
github.com/DataDog/zstd v1.4.4/go.mod h1:1jcaCB/ufaK+sKp1NBhlGmpz41jOoPQ35bpF36t7BBo=
github.com/PuerkitoBio/goquery v1.5.0 h1:uGvmFXOA73IKluu/F84Xd1tt/z07GYm8X49XKHP7EJk=
github.com/PuerkitoBio/goquery v1.5.0/go.mod h1:qD2PgZ9lccMbQlc7eEOjaeRlFQON7xY8kdmcsrnKqMg=
github.com/PuerkitoBio/rehttp v0.0.0-20180310210549-11cf6ea5d3e9 h1:VE0eMvNSQI72dADsq4gm5KpNPmt97WgqneTfaS5MWrs=
github.com/PuerkitoBio/rehttp v0.0.0-20180310210549-11cf6ea5d3e9/go.mod h1:ItsOiHl4XeMOV3rzbZqQRjLc3QQxbE6391/9iNG7rE8=
github.com/alexflint/go-filemutex v1.0.0 h1:2X7r9veBa4SQBqjj+cwhDrZ5IchXR7tRWl6GXbBwMwA=
github.com/alexflint/go-filemutex v1.0.0/go.mod h1:7P4iRhttt/nUvUOrYIhcpMzv2G6CY9UnI16Z+UJqRyk=
github.com/andybalholm/cascadia v1.0.0 h1:hOCXnnZ5A+3eVDX8pvgl4kofXv2ELss0bKcqRySc45o=
github.com/andybalholm/cascadia v1.0.0/go.mod h1:GsXiBklL0woXo1j/WYWtSYYC4ouU9PqHO0sqidkEA4Y=
github.com/aybabtme/iocontrol v0.0.0-20150809002002-ad15bcfc95a0 h1:0NmehRCgyk5rljDQLKUO+cRJCnduDyn11+zGZIc9Z48=
github.com/aybabtme/iocontrol v0.0.0-20150809002002-ad15bcfc95a0/go.mod h1:6L7zgvqo0idzI7IO8de6ZC051AfXb5ipkIJ7bIA2tGA=
github.com/benbjohnson/clock v1.0.0 h1:78Jk/r6m4wCi6sndMpty7A//t4dw/RW5fV4ZgDVfX1w=
github.com/benbjohnson/clock v1.0.0/go.mod h1:bGMdMPoPVvcYyt1gHDf4J2KE153Yf9BuiUKYMaxlTDM=
github.com/davecgh/go-spew v1.1.0/go.mod h1:J7Y8YcW2NihsgmVo/mv3lAwl/skON4iLHjSsI+c5H38=
github.com/davecgh/go-spew v1.1.1 h1:vj9j/u1bqnvCEfJOwUhtlOARqs3+rkHYY13jYWTU97c=
github.com/davecgh/go-spew v1.1.1/go.mod h1:J7Y8YcW2NihsgmVo/mv3lAwl/skON4iLHjSsI+c5H38=
github.com/dgrijalva/jwt-go v3.2.0+incompatible h1:7qlOGliEKZXTDg6OTjfoBKDXWrumCAMpl/TFQ4/5kLM=
github.com/dgrijalva/jwt-go v3.2.0+incompatible/go.mod h1:E3ru+11k8xSBh+hMPgOLZmtrrCbhqsmaPHjLKYnJCaQ=
github.com/dustin/go-humanize v1.0.0 h1:VSnTsYCnlFHaM2/igO1h6X3HA71jcobQuxemgkq4zYo=
github.com/dustin/go-humanize v1.0.0/go.mod h1:HtrtbFcZ19U5GC7JDqmcUSB87Iq5E25KnS6fMYU6eOk=
github.com/facebookgo/clock v0.0.0-20150410010913-600d898af40a h1:yDWHCSQ40h88yih2JAcL6Ls/kVkSE8GFACTGVnMPruw=
github.com/facebookgo/clock v0.0.0-20150410010913-600d898af40a/go.mod h1:7Ga40egUymuWXxAe151lTNnCv97MddSOVsjpPPkityA=
github.com/facebookgo/ensure v0.0.0-20160127193407-b4ab57deab51 h1:0JZ+dUmQeA8IIVUMzysrX4/AKuQwWhV2dYQuPZdvdSQ=
github.com/facebookgo/ensure v0.0.0-20160127193407-b4ab57deab51/go.mod h1:Yg+htXGokKKdzcwhuNDwVvN+uBxDGXJ7G/VN1d8fa64=
github.com/facebookgo/limitgroup v0.0.0-20150612190941-6abd8d71ec01 h1:IeaD1VDVBPlx3viJT9Md8if8IxxJnO+x0JCGb054heg=
github.com/facebookgo/limitgroup v0.0.0-20150612190941-6abd8d71ec01/go.mod h1:ypD5nozFk9vcGw1ATYefw6jHe/jZP++Z15/+VTMcWhc=
github.com/facebookgo/muster v0.0.0-20150708232844-fd3d7953fd52 h1:a4DFiKFJiDRGFD1qIcqGLX/WlUMD9dyLSLDt+9QZgt8=
github.com/facebookgo/muster v0.0.0-20150708232844-fd3d7953fd52/go.mod h1:yIquW87NGRw1FU5p5lEkpnt/QxoH5uPAOUlOVkAUuMg=
github.com/facebookgo/stack v0.0.0-20160209184415-751773369052 h1:JWuenKqqX8nojtoVVWjGfOF9635RETekkoH6Cc9SX0A=
github.com/facebookgo/stack v0.0.0-20160209184415-751773369052/go.mod h1:UbMTZqLaRiH3MsBH8va0n7s1pQYcu3uTb8G4tygF4Zg=
github.com/facebookgo/subset v0.0.0-20150612182917-8dac2c3c4870 h1:E2s37DuLxFhQDg5gKsWoLBOB0n+ZW8s599zru8FJ2/Y=
github.com/facebookgo/subset v0.0.0-20150612182917-8dac2c3c4870/go.mod h1:5tD+neXqOorC30/tWg0LCSkrqj/AR6gu8yY8/fpw1q0=
github.com/go-sql-driver/mysql v1.4.0/go.mod h1:zAC/RDZ24gD3HViQzih4MyKcchzm+sOG5ZlKdlhCg5w=
github.com/go-sql-driver/mysql v1.4.1 h1:g24URVg0OFbNUTx9qqY1IRZ9D9z3iPyi5zKhQZpNwpA=
github.com/go-sql-driver/mysql v1.4.1/go.mod h1:zAC/RDZ24gD3HViQzih4MyKcchzm+sOG5ZlKdlhCg5w=
github.com/golang/protobuf v1.2.0 h1:P3YflyNX/ehuJFLhxviNdFxQPkGK5cDcApsge1SqnvM=
github.com/golang/protobuf v1.2.0/go.mod h1:6lQm79b+lXiMfvg/cZm0SGofjICqVBUtrP5yJMmIC1U=
github.com/google/go-cmp v0.2.0/go.mod h1:oXzfMopK8JAjlY9xF4vHSVASa0yLyX7SntLO5aqRK0M=
github.com/google/subcommands v1.0.1 h1:/eqq+otEXm5vhfBrbREPCSVQbvofip6kIz+mX5TUH7k=
github.com/google/subcommands v1.0.1/go.mod h1:ZjhPrFU+Olkh9WazFPsl27BQ4UPiG37m3yTrtFlrHVk=
github.com/google/uuid v1.1.1 h1:Gkbcsh/GbpXz7lPftLA3P6TYMwjCLYm83jiFQZF/3gY=
github.com/google/uuid v1.1.1/go.mod h1:TIyPZe4MgqvfeYDBFedMoGGpEw/LqOeaOT+nhxU+yHo=
github.com/google/wire v0.4.0 h1:kXcsA/rIGzJImVqPdhfnr6q0xsS9gU0515q1EPpJ9fE=
github.com/google/wire v0.4.0/go.mod h1:ngWDr9Qvq3yZA10YrxfyGELY/AFWGVpy9c1LTRi1EoU=
github.com/graph-gophers/dataloader v5.0.0+incompatible h1:R+yjsbrNq1Mo3aPG+Z/EKYrXrXXUNJHOgbRt+U6jOug=
github.com/graph-gophers/dataloader v5.0.0+incompatible/go.mod h1:jk4jk0c5ZISbKaMe8WsVopGB5/15GvGHMdMdPtwlRp4=
github.com/graph-gophers/graphql-go v0.0.0-20191115155744-f33e81362277 h1:E0whKxgp2ojts0FDgUA8dl62bmH0LxKanMoBr6MDTDM=
github.com/graph-gophers/graphql-go v0.0.0-20191115155744-f33e81362277/go.mod h1:9CQHMSxwO4MprSdzoIEobiHpoLtHm77vfxsvsIN5Vuc=
github.com/honeycombio/libhoney-go v1.12.2 h1:KA66J2HxOxV8kTEDZ4f9d97KQwb5aTKt7YZUZvkzD0c=
github.com/honeycombio/libhoney-go v1.12.2/go.mod h1:jdLxh51fcBTy6XIpx1efuJmHePs2xUfVkw25lr+hsmg=
github.com/jarcoal/httpmock v1.0.4 h1:jp+dy/+nonJE4g4xbVtl9QdrUNbn6/3hDT5R4nDIZnA=
github.com/jarcoal/httpmock v1.0.4/go.mod h1:ATjnClrvW/3tijVmpL/va5Z3aAyGvqU3gCT8nX0Txik=
github.com/jmoiron/sqlx v1.2.0 h1:41Ip0zITnmWNR/vHV+S4m+VoUivnWY5E4OJfLZjCJMA=
github.com/jmoiron/sqlx v1.2.0/go.mod h1:1FEQNm3xlJgrMD+FBdI9+xvCksHtbpVBBw5dYhBSsks=
github.com/khaiql/dbcleaner v2.3.0+incompatible h1:VU/ZnMcs0Dx6s4XELYfZMMyib2hyrnJ0Xk1/2aZQIqg=
github.com/khaiql/dbcleaner v2.3.0+incompatible/go.mod h1:NUURNSEp3cHXCm37Ljb/IWAdp2/qYv/HAW+1BdnEbps=
github.com/klauspost/compress v1.9.8 h1:VMAMUUOh+gaxKTMk+zqbjsSjsIcUcL/LF4o63i82QyA=
github.com/klauspost/compress v1.9.8/go.mod h1:RyIbtBH6LamlWaDj8nUwkbUhJ87Yi3uG0guNDohfE1A=
github.com/kr/pretty v0.2.0 h1:s5hAObm+yFO5uHYt5dYjxi2rXrsnmRpJx4OYvIWUaQs=
github.com/kr/pretty v0.2.0/go.mod h1:ipq/a2n7PKx3OHsz4KJII5eveXtPO4qwEXGdVfWzfnI=
github.com/kr/pty v1.1.1/go.mod h1:pFQYn66WHrOpPYNljwOMqo10TkYh1fy3cYio2l3bCsQ=
github.com/kr/text v0.1.0 h1:45sCR5RtlFHMR4UwH9sdQ5TC8v0qDQCHnXt+kaKSTVE=
github.com/kr/text v0.1.0/go.mod h1:4Jbv+DJW3UT/LiOwJeYQe1efqtUx/iVham/4vfdArNI=
github.com/lib/pq v1.0.0/go.mod h1:5WUZQaWbwv1U+lTReE5YruASi9Al49XbQIvNi/34Woo=
github.com/lib/pq v1.3.0 h1:/qkRGz8zljWiDcFvgpwUpwIAPu3r07TDvs3Rws+o/pU=
github.com/lib/pq v1.3.0/go.mod h1:5WUZQaWbwv1U+lTReE5YruASi9Al49XbQIvNi/34Woo=
github.com/mattn/go-sqlite3 v1.9.0/go.mod h1:FPy6KqzDD04eiIsT53CuJW3U88zkxoIYsOqkbpncsNc=
github.com/mattn/go-sqlite3 v1.10.0 h1:jbhqpg7tQe4SupckyijYiy0mJJ/pRyHvXf7JdWK860o=
github.com/mattn/go-sqlite3 v1.10.0/go.mod h1:FPy6KqzDD04eiIsT53CuJW3U88zkxoIYsOqkbpncsNc=
github.com/mmcdole/gofeed v1.0.0-beta2 h1:CjQ0ADhAwNSb08zknAkGOEYqr8zfZKfrzgk9BxpWP2E=
github.com/mmcdole/gofeed v1.0.0-beta2/go.mod h1:/BF9JneEL2/flujm8XHoxUcghdTV6vvb3xx/vKyChFU=
github.com/mmcdole/goxpp v0.0.0-20181012175147-0068e33feabf h1:sWGE2v+hO0Nd4yFU/S/mDBM5plIU8v/Qhfz41hkDIAI=
github.com/mmcdole/goxpp v0.0.0-20181012175147-0068e33feabf/go.mod h1:pasqhqstspkosTneA62Nc+2p9SOBBYAPbnmRRWPQ0V8=
github.com/opentracing/opentracing-go v1.1.0 h1:pWlfV3Bxv7k65HYwkikxat0+s3pV4bsqf19k25Ur8rU=
github.com/opentracing/opentracing-go v1.1.0/go.mod h1:UkNAQd3GIcIGf0SeVgPpRdFStlNbqXla1AfSYxPUl2o=
github.com/pmezard/go-difflib v1.0.0 h1:4DBwDE0NGyQoBHbLQYPwSUPoCMWR5BEzIk/f1lZbAQM=
github.com/pmezard/go-difflib v1.0.0/go.mod h1:iKH77koFhYxTK1pcRnkKkqfTogsbg7gZNVY4sRDYZ/4=
github.com/stretchr/objx v0.1.0/go.mod h1:HFkY916IF+rwdDfMAkV7OtwuqBVzrE8GR6GFx+wExME=
github.com/stretchr/objx v0.2.0 h1:Hbg2NidpLE8veEBkEZTL3CvlkUIVzuU9jDplZO54c48=
github.com/stretchr/objx v0.2.0/go.mod h1:qt09Ya8vawLte6SNmTgCsAVtYtaKzEcn8ATUoHMkEqE=
github.com/stretchr/testify v1.2.2 h1:bSDNvY7ZPG5RlJ8otE/7V6gMiyenm9RtJ7IUVIAoJ1w=
github.com/stretchr/testify v1.2.2/go.mod h1:a8OnRcib4nhh0OaRAV+Yts87kKdq0PP7pXfy6kDkUVs=
github.com/stretchr/testify v1.3.0/go.mod h1:M5WIy9Dh21IEIfnGCwXGc5bZfKNJtfHm1UVUgZn+9EI=
github.com/stretchr/testify v1.4.0 h1:2E4SXV/wtOkTonXsotYi4li6zVWxYlZuYNCXe9XRJyk=
github.com/stretchr/testify v1.4.0/go.mod h1:j7eGeouHqKxXV5pUuKE4zz7dFj8WfuZ+81PSLYec5m4=
github.com/stripe/stripe-go v68.13.0+incompatible h1:mlZRtha4/Dzchp+Mtc3hHhtslyAn6Ict10oQaAr/xg8=
github.com/stripe/stripe-go v68.13.0+incompatible/go.mod h1:A1dQZmO/QypXmsL0T8axYZkSN/uA/T/A64pfKdBAMiY=
github.com/vmihailenco/msgpack v4.0.4+incompatible h1:dSLoQfGFAo3F6OoNhwUmLwVgaUXK79GlxNBwueZn0xI=
github.com/vmihailenco/msgpack v4.0.4+incompatible/go.mod h1:fy3FlTQTDXWkZ7Bh6AcGMlsjHatGryHQYUTf1ShIgkk=
golang.org/x/crypto v0.0.0-20190308221718-c2843e01d9a2 h1:VklqNMn3ovrHsnt90PveolxSbWFaJdECFbxSq0Mqo2M=
golang.org/x/crypto v0.0.0-20190308221718-c2843e01d9a2/go.mod h1:djNgcEr1/C05ACkg1iLfiJU5Ep61QUkGW8qpdssI0+w=
golang.org/x/net v0.0.0-20180218175443-cbe0f9307d01/go.mod h1:mL1N/T3taQHkDXs73rZJwtUhF3w3ftmwwsq0BUmARs4=
golang.org/x/net v0.0.0-20180724234803-3673e40ba225/go.mod h1:mL1N/T3taQHkDXs73rZJwtUhF3w3ftmwwsq0BUmARs4=
golang.org/x/net v0.0.0-20181114220301-adae6a3d119a/go.mod h1:mL1N/T3taQHkDXs73rZJwtUhF3w3ftmwwsq0BUmARs4=
golang.org/x/net v0.0.0-20190108225652-1e06a53dbb7e h1:bRhVy7zSSasaqNksaRZiA5EEI+Ei4I1nO5Jh72wfHlg=
golang.org/x/net v0.0.0-20190108225652-1e06a53dbb7e/go.mod h1:mL1N/T3taQHkDXs73rZJwtUhF3w3ftmwwsq0BUmARs4=
golang.org/x/net v0.0.0-20190311183353-d8887717615a h1:oWX7TPOiFAMXLq8o0ikBYfCJVlRHBcsciT5bXOrH628=
golang.org/x/net v0.0.0-20190311183353-d8887717615a/go.mod h1:t9HGtf8HONx5eT2rtn7q6eTqICYqUVnKs3thJo3Qplg=
golang.org/x/oauth2 v0.0.0-20190402181905-9f3314589c9a h1:tImsplftrFpALCYumobsd0K86vlAs/eXGFms2txfJfA=
golang.org/x/oauth2 v0.0.0-20190402181905-9f3314589c9a/go.mod h1:gOpvHmFTYa4IltrdGE7lF6nIHvwfUNPOp7c8zoXwtLw=
golang.org/x/sync v0.0.0-20181221193216-37e7f081c4d4 h1:YUO/7uOKsKeq9UokNS62b8FYywz3ker1l1vDZRCRefw=
golang.org/x/sync v0.0.0-20181221193216-37e7f081c4d4/go.mod h1:RxMgew5VJxzue5/jJTE5uejpjVlOe/izrB70Jof72aM=
golang.org/x/sys v0.0.0-20190215142949-d0b11bdaac8a/go.mod h1:STP8DvDyc/dI5b8T5hshtkjS+E42TnysNCUPdjciGhY=
golang.org/x/text v0.3.0 h1:g61tztE5qeGQ89tm6NTjjM9VPIm088od1l6aSorWRWg=
golang.org/x/text v0.3.0/go.mod h1:NqM8EUOU14njkJ3fqMW+pc6Ldnwhi/IjpwHt7yyuwOQ=
golang.org/x/tools v0.0.0-20190422233926-fe54fb35175b h1:NVD8gBK33xpdqCaZVVtd6OFJp+3dxkXuz7+U7KaVN6s=
golang.org/x/tools v0.0.0-20190422233926-fe54fb35175b/go.mod h1:LCzVGOaR6xXOjkQ3onu1FJEFr0SW1gC7cKk1uF8kGRs=
google.golang.org/appengine v1.4.0 h1:/wp5JvzpHIxhs/dumFmF7BXTf3Z+dd4uXta4kVyO508=
google.golang.org/appengine v1.4.0/go.mod h1:xpcJRLb0r/rnEns0DIKYYv+WjYCduHsrkT7/EB5XEv4=
gopkg.in/alexcesaro/statsd.v2 v2.0.0 h1:FXkZSCZIH17vLCO5sO2UucTHsH9pc+17F6pl3JVCwMc=
gopkg.in/alexcesaro/statsd.v2 v2.0.0/go.mod h1:i0ubccKGzBVNBpdGV5MocxyA/XlLUJzA7SLonnE4drU=
gopkg.in/auth0.v3 v3.0.3 h1:MZxAxCFufg2tF6NpaMf2XsVpA3qpKbgEnohQrJxNlJw=
gopkg.in/auth0.v3 v3.0.3/go.mod h1:Ov66ahVcsIQ4WIPyJosrlQ4F8KjyZ6EbIHD+7fauhE0=
gopkg.in/check.v1 v0.0.0-20161208181325-20d25e280405/go.mod h1:Co6ibVJAznAaIkqp8huTwlJQCZ016jof/cbN4VW5Yz0=
gopkg.in/check.v1 v1.0.0-20190902080502-41f04d3bba15 h1:YR8cESwS4TdDjEe65xsg0ogRM/Nc3DYOhEAlW+xobZo=
gopkg.in/check.v1 v1.0.0-20190902080502-41f04d3bba15/go.mod h1:Co6ibVJAznAaIkqp8huTwlJQCZ016jof/cbN4VW5Yz0=
gopkg.in/dgrijalva/jwt-go.v3 v3.2.0 h1:N46iQqOtHry7Hxzb9PGrP68oovQmj7EhudNoKHvbOvI=
gopkg.in/dgrijalva/jwt-go.v3 v3.2.0/go.mod h1:hdNXC2Z9yC029rvsQ/on2ZNQ44Z2XToVhpXXbR+J05A=
gopkg.in/khaiql/dbcleaner.v2 v2.3.0 h1:9tRNEo5tn7MhpHySz5Rstjt7iuTl2oIMRLYlLUf1BOA=
gopkg.in/khaiql/dbcleaner.v2 v2.3.0/go.mod h1:kzKBqwVHZ7o00FtbCfDKRDNfSkPGAgDJMQ8bd6ruy30=
gopkg.in/yaml.v2 v2.2.2 h1:ZCJp+EgiOT7lHqUV2J862kp8Qj64Jo6az82+3Td9dZw=
gopkg.in/yaml.v2 v2.2.2/go.mod h1:hI93XBmqTisBFMUTm0b8Fm+jr3Dg1NNxqwp+5A1VGuI=
