// !$*UTF8*$!
{
	archiveVersion = 1;
	classes = {
	};
	objectVersion = 54;
	objects = {

/* Begin PBXBuildFile section */
		C906543324DF203A0025003B /* FeedsSection.swift in Sources */ = {isa = PBXBuildFile; fileRef = C906543224DF203A0025003B /* FeedsSection.swift */; };
		C906543524DF22070025003B /* FeedRow.swift in Sources */ = {isa = PBXBuildFile; fileRef = C906543424DF22070025003B /* FeedRow.swift */; };
		C906543724DF23DC0025003B /* FeedsSectionPreview.json in Resources */ = {isa = PBXBuildFile; fileRef = C906543624DF23DC0025003B /* FeedsSectionPreview.json */; };
		C906543A24DF26770025003B /* FeedDetailScreen.swift in Sources */ = {isa = PBXBuildFile; fileRef = C906543924DF26770025003B /* FeedDetailScreen.swift */; };
		C906543C24DF27E60025003B /* FeedInfoSection.swift in Sources */ = {isa = PBXBuildFile; fileRef = C906543B24DF27E60025003B /* FeedInfoSection.swift */; };
		C906543E24DF2A2E0025003B /* Spinning.swift in Sources */ = {isa = PBXBuildFile; fileRef = C906543D24DF2A2E0025003B /* Spinning.swift */; };
		C906544024DF2B530025003B /* FeedInfoSectionPreview.json in Resources */ = {isa = PBXBuildFile; fileRef = C906543F24DF2B530025003B /* FeedInfoSectionPreview.json */; };
		C906544224DF30390025003B /* RefreshFeed.swift in Sources */ = {isa = PBXBuildFile; fileRef = C906544124DF30390025003B /* RefreshFeed.swift */; };
		C906544424DF31130025003B /* FeedRefreshedEvent.swift in Sources */ = {isa = PBXBuildFile; fileRef = C906544324DF31130025003B /* FeedRefreshedEvent.swift */; };
		C906544624DF32C70025003B /* SetFeedOptions.swift in Sources */ = {isa = PBXBuildFile; fileRef = C906544524DF32C70025003B /* SetFeedOptions.swift */; };
		C906544824DFB3AB0025003B /* FeedPostsSection.swift in Sources */ = {isa = PBXBuildFile; fileRef = C906544724DFB3AB0025003B /* FeedPostsSection.swift */; };
		C906544A24DFB5D80025003B /* FeedPostRow.swift in Sources */ = {isa = PBXBuildFile; fileRef = C906544924DFB5D80025003B /* FeedPostRow.swift */; };
		C906544C24DFB6B70025003B /* FeedPostRowPreview.json in Resources */ = {isa = PBXBuildFile; fileRef = C906544B24DFB6B70025003B /* FeedPostRowPreview.json */; };
		C906544F24DFBCE70025003B /* SwiftSoup in Frameworks */ = {isa = PBXBuildFile; productRef = C906544E24DFBCE70025003B /* SwiftSoup */; };
		C9172F2424B10ADE00C453B6 /* Sidebar.swift in Sources */ = {isa = PBXBuildFile; fileRef = C9172F2224B10ADE00C453B6 /* Sidebar.swift */; };
		C9172F2724B1108000C453B6 /* TweetsScreen.swift in Sources */ = {isa = PBXBuildFile; fileRef = C9172F2524B1108000C453B6 /* TweetsScreen.swift */; };
		C95AD85224687B2C00691417 /* AppDelegate.swift in Sources */ = {isa = PBXBuildFile; fileRef = C95AD85124687B2C00691417 /* AppDelegate.swift */; };
		C95AD85624687B2C00691417 /* ContentView.swift in Sources */ = {isa = PBXBuildFile; fileRef = C95AD85524687B2C00691417 /* ContentView.swift */; };
		C95AD85824687B2D00691417 /* Assets.xcassets in Resources */ = {isa = PBXBuildFile; fileRef = C95AD85724687B2D00691417 /* Assets.xcassets */; };
		C95AD85B24687B2D00691417 /* Preview Assets.xcassets in Resources */ = {isa = PBXBuildFile; fileRef = C95AD85A24687B2D00691417 /* Preview Assets.xcassets */; };
		C95AD85E24687B2D00691417 /* LaunchScreen.storyboard in Resources */ = {isa = PBXBuildFile; fileRef = C95AD85C24687B2D00691417 /* LaunchScreen.storyboard */; };
		C95AD86924687B2D00691417 /* CourierTests.swift in Sources */ = {isa = PBXBuildFile; fileRef = C95AD86824687B2D00691417 /* CourierTests.swift */; };
		C95AD87A24687DD700691417 /* TweetsScreen.swift in Sources */ = {isa = PBXBuildFile; fileRef = C95AD87924687DD700691417 /* TweetsScreen.swift */; };
		C95AD87C2468810C00691417 /* CurrentUser.swift in Sources */ = {isa = PBXBuildFile; fileRef = C95AD87B2468810C00691417 /* CurrentUser.swift */; };
		C95AD884246886BB00691417 /* Endpoint.swift in Sources */ = {isa = PBXBuildFile; fileRef = C95AD883246886BB00691417 /* Endpoint.swift */; };
		C95AD88824688E3D00691417 /* TweetsList.swift in Sources */ = {isa = PBXBuildFile; fileRef = C95AD88724688E3D00691417 /* TweetsList.swift */; };
		C95AD891246895BE00691417 /* Environment.swift in Sources */ = {isa = PBXBuildFile; fileRef = C95AD890246895BE00691417 /* Environment.swift */; };
		C95AD8932468E97700691417 /* TweetRow.swift in Sources */ = {isa = PBXBuildFile; fileRef = C95AD8922468E97600691417 /* TweetRow.swift */; };
		C95AD897246A439F00691417 /* TweetDetailScreen.swift in Sources */ = {isa = PBXBuildFile; fileRef = C95AD896246A439F00691417 /* TweetDetailScreen.swift */; };
		C95AD8A0246A44DE00691417 /* DetailedTweetList.swift in Sources */ = {isa = PBXBuildFile; fileRef = C95AD89F246A44DE00691417 /* DetailedTweetList.swift */; };
		C95AD8A2246A44EB00691417 /* DetailedTweetRow.swift in Sources */ = {isa = PBXBuildFile; fileRef = C95AD8A1246A44EB00691417 /* DetailedTweetRow.swift */; };
		C96F4CC5246A4CED0096B5ED /* LoadingView.swift in Sources */ = {isa = PBXBuildFile; fileRef = C96F4CC4246A4CED0096B5ED /* LoadingView.swift */; };
		C96F4CC7246A509E0096B5ED /* ErrorView.swift in Sources */ = {isa = PBXBuildFile; fileRef = C96F4CC6246A509E0096B5ED /* ErrorView.swift */; };
		C96F4CC9246A573E0096B5ED /* AsyncImage.swift in Sources */ = {isa = PBXBuildFile; fileRef = C96F4CC8246A573E0096B5ED /* AsyncImage.swift */; };
		C96F4CCB246A588D0096B5ED /* AsyncImageGrid.swift in Sources */ = {isa = PBXBuildFile; fileRef = C96F4CCA246A588D0096B5ED /* AsyncImageGrid.swift */; };
		C96F4CCD246A5AAF0096B5ED /* ImagePlaceholder.swift in Sources */ = {isa = PBXBuildFile; fileRef = C96F4CCC246A5AAF0096B5ED /* ImagePlaceholder.swift */; };
		C96F4CCF246A5CC90096B5ED /* LinkedText.swift in Sources */ = {isa = PBXBuildFile; fileRef = C96F4CCE246A5CC90096B5ED /* LinkedText.swift */; };
		C96F4CD2246A635B0096B5ED /* SettingsScreen.swift in Sources */ = {isa = PBXBuildFile; fileRef = C96F4CD1246A635B0096B5ED /* SettingsScreen.swift */; };
		C96F4CD6246A67CC0096B5ED /* UserProfileSection.swift in Sources */ = {isa = PBXBuildFile; fileRef = C96F4CD5246A67CC0096B5ED /* UserProfileSection.swift */; };
		C96F4CDA246AEE160096B5ED /* SubscriptionSection.swift in Sources */ = {isa = PBXBuildFile; fileRef = C96F4CD9246AEE160096B5ED /* SubscriptionSection.swift */; };
		C96F4CDF246B76400096B5ED /* CancelTweet.swift in Sources */ = {isa = PBXBuildFile; fileRef = C96F4CDE246B76400096B5ED /* CancelTweet.swift */; };
		C96F4CE3246D07D60096B5ED /* DetailedTweetActions.swift in Sources */ = {isa = PBXBuildFile; fileRef = C96F4CE2246D07D60096B5ED /* DetailedTweetActions.swift */; };
		C96F4CE7246D0E4E0096B5ED /* UncancelTweet.swift in Sources */ = {isa = PBXBuildFile; fileRef = C96F4CE6246D0E4E0096B5ED /* UncancelTweet.swift */; };
		C96F4CEB246D129F0096B5ED /* PostTweet.swift in Sources */ = {isa = PBXBuildFile; fileRef = C96F4CEA246D129F0096B5ED /* PostTweet.swift */; };
		C96F4CEF246E19F50096B5ED /* CurrentEndpoint.swift in Sources */ = {isa = PBXBuildFile; fileRef = C96F4CEE246E19F50096B5ED /* CurrentEndpoint.swift */; };
		C9A151BA24BB838B0032E550 /* Badge.swift in Sources */ = {isa = PBXBuildFile; fileRef = C9A151B924BB838B0032E550 /* Badge.swift */; };
		C9A151C024BB8C8B0032E550 /* TweetRowPreview.json in Resources */ = {isa = PBXBuildFile; fileRef = C9A151BF24BB8C8B0032E550 /* TweetRowPreview.json */; };
		C9C34762246E2C48004027DE /* EnvironmentSection.swift in Sources */ = {isa = PBXBuildFile; fileRef = C9C34761246E2C48004027DE /* EnvironmentSection.swift */; };
		C9C34764246FBB9D004027DE /* ViewTweet.swift in Sources */ = {isa = PBXBuildFile; fileRef = C9C34763246FBB9D004027DE /* ViewTweet.swift */; };
		C9C34768246FBCE3004027DE /* EditTweetForm.swift in Sources */ = {isa = PBXBuildFile; fileRef = C9C34767246FBCE3004027DE /* EditTweetForm.swift */; };
		C9C3476C246FBE65004027DE /* EditTweetList.swift in Sources */ = {isa = PBXBuildFile; fileRef = C9C3476B246FBE65004027DE /* EditTweetList.swift */; };
		C9C3477024706E89004027DE /* EditTweet.swift in Sources */ = {isa = PBXBuildFile; fileRef = C9C3476F24706E89004027DE /* EditTweet.swift */; };
		C9C34776247081E6004027DE /* PushNotifications in Frameworks */ = {isa = PBXBuildFile; productRef = C9C34775247081E6004027DE /* PushNotifications */; };
		C9C3477924708A68004027DE /* Localizable.stringsdict in Resources */ = {isa = PBXBuildFile; fileRef = C9C3477824708A68004027DE /* Localizable.stringsdict */; };
		C9C3477C24708B9B004027DE /* Localizable.strings in Resources */ = {isa = PBXBuildFile; fileRef = C9C3477A24708B80004027DE /* Localizable.strings */; };
		C9C3477E24708D88004027DE /* NotificationHandler.swift in Sources */ = {isa = PBXBuildFile; fileRef = C9C3477D24708D88004027DE /* NotificationHandler.swift */; };
		C9C61DB62477857700B344A3 /* ScreenCoordinator.swift in Sources */ = {isa = PBXBuildFile; fileRef = C9C61DB52477857700B344A3 /* ScreenCoordinator.swift */; };
		C9C61DB8247797A900B344A3 /* ConnectionHelpers.swift in Sources */ = {isa = PBXBuildFile; fileRef = C9C61DB7247797A900B344A3 /* ConnectionHelpers.swift */; };
		C9C61DBA2478D21B00B344A3 /* Delayed.swift in Sources */ = {isa = PBXBuildFile; fileRef = C9C61DB92478D21B00B344A3 /* Delayed.swift */; };
		C9C61DBD2479C43500B344A3 /* PusherSwift in Frameworks */ = {isa = PBXBuildFile; productRef = C9C61DBC2479C43500B344A3 /* PusherSwift */; };
		C9C61DBF2479C4CD00B344A3 /* EventListener.swift in Sources */ = {isa = PBXBuildFile; fileRef = C9C61DBE2479C4CD00B344A3 /* EventListener.swift */; };
		C9C61DC22479CF7C00B344A3 /* TweetPostedEvent.swift in Sources */ = {isa = PBXBuildFile; fileRef = C9C61DC12479CF7C00B344A3 /* TweetPostedEvent.swift */; };
		C9C61DC62479E00000B344A3 /* TweetCanceledEvent.swift in Sources */ = {isa = PBXBuildFile; fileRef = C9C61DC52479E00000B344A3 /* TweetCanceledEvent.swift */; };
		C9C61DCA2479E37500B344A3 /* TweetUncanceledEvent.swift in Sources */ = {isa = PBXBuildFile; fileRef = C9C61DC92479E37500B344A3 /* TweetUncanceledEvent.swift */; };
		C9C61DCE2479E4D100B344A3 /* TweetEditedEvent.swift in Sources */ = {isa = PBXBuildFile; fileRef = C9C61DCD2479E4D100B344A3 /* TweetEditedEvent.swift */; };
		C9C9C01C24A46EE2005BF960 /* App.swift in Sources */ = {isa = PBXBuildFile; fileRef = C9C9C01B24A46EE2005BF960 /* App.swift */; };
		C9C9C01E24A59B4F005BF960 /* RelaySwiftUINext.swift in Sources */ = {isa = PBXBuildFile; fileRef = C9C9C01D24A59B4F005BF960 /* RelaySwiftUINext.swift */; };
		C9D63CF624C40E1B0053FD34 /* CourierGenerated in Frameworks */ = {isa = PBXBuildFile; productRef = C9D63CF524C40E1B0053FD34 /* CourierGenerated */; };
		C9DC5E7C2476340700FF31BC /* JWTDecode.framework in Frameworks */ = {isa = PBXBuildFile; fileRef = C9DC5E792476340700FF31BC /* JWTDecode.framework */; };
		C9DC5E7D2476340700FF31BC /* Auth0.framework in Frameworks */ = {isa = PBXBuildFile; fileRef = C9DC5E7A2476340700FF31BC /* Auth0.framework */; };
		C9DC5E7E2476340700FF31BC /* SimpleKeychain.framework in Frameworks */ = {isa = PBXBuildFile; fileRef = C9DC5E7B2476340700FF31BC /* SimpleKeychain.framework */; };
		C9FE85D024B0CD0200B4CB45 /* Courier_macOSApp.swift in Sources */ = {isa = PBXBuildFile; fileRef = C9FE85CF24B0CD0200B4CB45 /* Courier_macOSApp.swift */; };
		C9FE85D224B0CD0200B4CB45 /* ContentView.swift in Sources */ = {isa = PBXBuildFile; fileRef = C9FE85D124B0CD0200B4CB45 /* ContentView.swift */; };
		C9FE85D424B0CD0300B4CB45 /* Assets.xcassets in Resources */ = {isa = PBXBuildFile; fileRef = C9FE85D324B0CD0300B4CB45 /* Assets.xcassets */; };
		C9FE85D724B0CD0300B4CB45 /* Preview Assets.xcassets in Resources */ = {isa = PBXBuildFile; fileRef = C9FE85D624B0CD0300B4CB45 /* Preview Assets.xcassets */; };
		C9FE85E624B0D2A600B4CB45 /* RelaySwiftUI in Frameworks */ = {isa = PBXBuildFile; productRef = C9FE85E524B0D2A600B4CB45 /* RelaySwiftUI */; };
		C9FE85E724B0D31A00B4CB45 /* Auth0.framework in Frameworks */ = {isa = PBXBuildFile; fileRef = C9FE85E124B0D28400B4CB45 /* Auth0.framework */; };
		C9FE85E824B0D31A00B4CB45 /* Auth0.framework in Embed Frameworks */ = {isa = PBXBuildFile; fileRef = C9FE85E124B0D28400B4CB45 /* Auth0.framework */; settings = {ATTRIBUTES = (CodeSignOnCopy, RemoveHeadersOnCopy, ); }; };
		C9FE85EA24B0D32000B4CB45 /* JWTDecode.framework in Frameworks */ = {isa = PBXBuildFile; fileRef = C9FE85DF24B0D28300B4CB45 /* JWTDecode.framework */; };
		C9FE85EB24B0D32000B4CB45 /* JWTDecode.framework in Embed Frameworks */ = {isa = PBXBuildFile; fileRef = C9FE85DF24B0D28300B4CB45 /* JWTDecode.framework */; settings = {ATTRIBUTES = (CodeSignOnCopy, RemoveHeadersOnCopy, ); }; };
		C9FE85EC24B0D32200B4CB45 /* SimpleKeychain.framework in Frameworks */ = {isa = PBXBuildFile; fileRef = C9FE85E024B0D28300B4CB45 /* SimpleKeychain.framework */; };
		C9FE85ED24B0D32200B4CB45 /* SimpleKeychain.framework in Embed Frameworks */ = {isa = PBXBuildFile; fileRef = C9FE85E024B0D28300B4CB45 /* SimpleKeychain.framework */; settings = {ATTRIBUTES = (CodeSignOnCopy, RemoveHeadersOnCopy, ); }; };
		C9FE85EE24B0D4D900B4CB45 /* CurrentUser.swift in Sources */ = {isa = PBXBuildFile; fileRef = C95AD87B2468810C00691417 /* CurrentUser.swift */; };
		C9FE85EF24B0D4F200B4CB45 /* CurrentEndpoint.swift in Sources */ = {isa = PBXBuildFile; fileRef = C96F4CEE246E19F50096B5ED /* CurrentEndpoint.swift */; };
		C9FE85F024B0D4FA00B4CB45 /* Environment.swift in Sources */ = {isa = PBXBuildFile; fileRef = C95AD890246895BE00691417 /* Environment.swift */; };
		C9FE85F224B0D52000B4CB45 /* TweetsList.swift in Sources */ = {isa = PBXBuildFile; fileRef = C95AD88724688E3D00691417 /* TweetsList.swift */; };
		C9FE85F324B0D52300B4CB45 /* TweetRow.swift in Sources */ = {isa = PBXBuildFile; fileRef = C95AD8922468E97600691417 /* TweetRow.swift */; };
		C9FE860924B0D56100B4CB45 /* Endpoint.swift in Sources */ = {isa = PBXBuildFile; fileRef = C95AD883246886BB00691417 /* Endpoint.swift */; };
		C9FE860A24B0D58E00B4CB45 /* LoadingView.swift in Sources */ = {isa = PBXBuildFile; fileRef = C96F4CC4246A4CED0096B5ED /* LoadingView.swift */; };
		C9FE860B24B0D59000B4CB45 /* ErrorView.swift in Sources */ = {isa = PBXBuildFile; fileRef = C96F4CC6246A509E0096B5ED /* ErrorView.swift */; };
		C9FE860C24B0D59400B4CB45 /* LinkedText.swift in Sources */ = {isa = PBXBuildFile; fileRef = C96F4CCE246A5CC90096B5ED /* LinkedText.swift */; };
		C9FE860D24B0D59400B4CB45 /* Delayed.swift in Sources */ = {isa = PBXBuildFile; fileRef = C9C61DB92478D21B00B344A3 /* Delayed.swift */; };
		C9FE860F24B0D59400B4CB45 /* AsyncImageGrid.swift in Sources */ = {isa = PBXBuildFile; fileRef = C96F4CCA246A588D0096B5ED /* AsyncImageGrid.swift */; };
		C9FE861024B0D59400B4CB45 /* ImagePlaceholder.swift in Sources */ = {isa = PBXBuildFile; fileRef = C96F4CCC246A5AAF0096B5ED /* ImagePlaceholder.swift */; };
		C9FE861124B0D59F00B4CB45 /* CancelTweet.swift in Sources */ = {isa = PBXBuildFile; fileRef = C96F4CDE246B76400096B5ED /* CancelTweet.swift */; };
		C9FE861224B0D59F00B4CB45 /* EditTweet.swift in Sources */ = {isa = PBXBuildFile; fileRef = C9C3476F24706E89004027DE /* EditTweet.swift */; };
		C9FE861324B0D59F00B4CB45 /* ConnectionHelpers.swift in Sources */ = {isa = PBXBuildFile; fileRef = C9C61DB7247797A900B344A3 /* ConnectionHelpers.swift */; };
		C9FE861424B0D59F00B4CB45 /* UncancelTweet.swift in Sources */ = {isa = PBXBuildFile; fileRef = C96F4CE6246D0E4E0096B5ED /* UncancelTweet.swift */; };
		C9FE861524B0D59F00B4CB45 /* PostTweet.swift in Sources */ = {isa = PBXBuildFile; fileRef = C96F4CEA246D129F0096B5ED /* PostTweet.swift */; };
		C9FE861624B0D5A300B4CB45 /* TweetCanceledEvent.swift in Sources */ = {isa = PBXBuildFile; fileRef = C9C61DC52479E00000B344A3 /* TweetCanceledEvent.swift */; };
		C9FE861724B0D5A300B4CB45 /* TweetPostedEvent.swift in Sources */ = {isa = PBXBuildFile; fileRef = C9C61DC12479CF7C00B344A3 /* TweetPostedEvent.swift */; };
		C9FE861824B0D5A300B4CB45 /* TweetUncanceledEvent.swift in Sources */ = {isa = PBXBuildFile; fileRef = C9C61DC92479E37500B344A3 /* TweetUncanceledEvent.swift */; };
		C9FE861924B0D5A300B4CB45 /* TweetEditedEvent.swift in Sources */ = {isa = PBXBuildFile; fileRef = C9C61DCD2479E4D100B344A3 /* TweetEditedEvent.swift */; };
		C9FE861A24B0D5A600B4CB45 /* RelaySwiftUINext.swift in Sources */ = {isa = PBXBuildFile; fileRef = C9C9C01D24A59B4F005BF960 /* RelaySwiftUINext.swift */; };
		C9FE861B24B0D5AB00B4CB45 /* ScreenCoordinator.swift in Sources */ = {isa = PBXBuildFile; fileRef = C9C61DB52477857700B344A3 /* ScreenCoordinator.swift */; };
		C9FE861D24B0D5D700B4CB45 /* AsyncImage.swift in Sources */ = {isa = PBXBuildFile; fileRef = C9FE861C24B0D5D700B4CB45 /* AsyncImage.swift */; };
		C9FE861E24B0D68300B4CB45 /* SettingsScreen.swift in Sources */ = {isa = PBXBuildFile; fileRef = C96F4CD1246A635B0096B5ED /* SettingsScreen.swift */; };
		C9FE861F24B0D68700B4CB45 /* UserProfileSection.swift in Sources */ = {isa = PBXBuildFile; fileRef = C96F4CD5246A67CC0096B5ED /* UserProfileSection.swift */; };
		C9FE862024B0D68700B4CB45 /* EnvironmentSection.swift in Sources */ = {isa = PBXBuildFile; fileRef = C9C34761246E2C48004027DE /* EnvironmentSection.swift */; };
		C9FE862124B0D68700B4CB45 /* SubscriptionSection.swift in Sources */ = {isa = PBXBuildFile; fileRef = C96F4CD9246AEE160096B5ED /* SubscriptionSection.swift */; };
		C9FE862224B0D9E800B4CB45 /* EditTweetList.swift in Sources */ = {isa = PBXBuildFile; fileRef = C9C3476B246FBE65004027DE /* EditTweetList.swift */; };
		C9FE862324B0D9E800B4CB45 /* ViewTweet.swift in Sources */ = {isa = PBXBuildFile; fileRef = C9C34763246FBB9D004027DE /* ViewTweet.swift */; };
		C9FE862424B0D9E800B4CB45 /* DetailedTweetActions.swift in Sources */ = {isa = PBXBuildFile; fileRef = C96F4CE2246D07D60096B5ED /* DetailedTweetActions.swift */; };
		C9FE862524B0D9E800B4CB45 /* DetailedTweetRow.swift in Sources */ = {isa = PBXBuildFile; fileRef = C95AD8A1246A44EB00691417 /* DetailedTweetRow.swift */; };
		C9FE862624B0D9E800B4CB45 /* DetailedTweetList.swift in Sources */ = {isa = PBXBuildFile; fileRef = C95AD89F246A44DE00691417 /* DetailedTweetList.swift */; };
		C9FE862724B0D9E800B4CB45 /* EditTweetForm.swift in Sources */ = {isa = PBXBuildFile; fileRef = C9C34767246FBCE3004027DE /* EditTweetForm.swift */; };
		C9FE862824B0D9E800B4CB45 /* TweetDetailScreen.swift in Sources */ = {isa = PBXBuildFile; fileRef = C95AD896246A439F00691417 /* TweetDetailScreen.swift */; };
/* End PBXBuildFile section */

/* Begin PBXContainerItemProxy section */
		C95AD86524687B2D00691417 /* PBXContainerItemProxy */ = {
			isa = PBXContainerItemProxy;
			containerPortal = C9A74962237852430046E924 /* Project object */;
			proxyType = 1;
			remoteGlobalIDString = C95AD84E24687B2C00691417;
			remoteInfo = CourierNext;
		};
/* End PBXContainerItemProxy section */

/* Begin PBXCopyFilesBuildPhase section */
		C9FE85E924B0D31A00B4CB45 /* Embed Frameworks */ = {
			isa = PBXCopyFilesBuildPhase;
			buildActionMask = 2147483647;
			dstPath = "";
			dstSubfolderSpec = 10;
			files = (
				C9FE85EB24B0D32000B4CB45 /* JWTDecode.framework in Embed Frameworks */,
				C9FE85E824B0D31A00B4CB45 /* Auth0.framework in Embed Frameworks */,
				C9FE85ED24B0D32200B4CB45 /* SimpleKeychain.framework in Embed Frameworks */,
			);
			name = "Embed Frameworks";
			runOnlyForDeploymentPostprocessing = 0;
		};
/* End PBXCopyFilesBuildPhase section */

/* Begin PBXFileReference section */
		C906543224DF203A0025003B /* FeedsSection.swift */ = {isa = PBXFileReference; lastKnownFileType = sourcecode.swift; path = FeedsSection.swift; sourceTree = "<group>"; };
		C906543424DF22070025003B /* FeedRow.swift */ = {isa = PBXFileReference; lastKnownFileType = sourcecode.swift; path = FeedRow.swift; sourceTree = "<group>"; };
		C906543624DF23DC0025003B /* FeedsSectionPreview.json */ = {isa = PBXFileReference; lastKnownFileType = text.json; path = FeedsSectionPreview.json; sourceTree = "<group>"; };
		C906543924DF26770025003B /* FeedDetailScreen.swift */ = {isa = PBXFileReference; lastKnownFileType = sourcecode.swift; path = FeedDetailScreen.swift; sourceTree = "<group>"; };
		C906543B24DF27E60025003B /* FeedInfoSection.swift */ = {isa = PBXFileReference; lastKnownFileType = sourcecode.swift; path = FeedInfoSection.swift; sourceTree = "<group>"; };
		C906543D24DF2A2E0025003B /* Spinning.swift */ = {isa = PBXFileReference; lastKnownFileType = sourcecode.swift; path = Spinning.swift; sourceTree = "<group>"; };
		C906543F24DF2B530025003B /* FeedInfoSectionPreview.json */ = {isa = PBXFileReference; lastKnownFileType = text.json; path = FeedInfoSectionPreview.json; sourceTree = "<group>"; };
		C906544124DF30390025003B /* RefreshFeed.swift */ = {isa = PBXFileReference; lastKnownFileType = sourcecode.swift; path = RefreshFeed.swift; sourceTree = "<group>"; };
		C906544324DF31130025003B /* FeedRefreshedEvent.swift */ = {isa = PBXFileReference; lastKnownFileType = sourcecode.swift; path = FeedRefreshedEvent.swift; sourceTree = "<group>"; };
		C906544524DF32C70025003B /* SetFeedOptions.swift */ = {isa = PBXFileReference; lastKnownFileType = sourcecode.swift; path = SetFeedOptions.swift; sourceTree = "<group>"; };
		C906544724DFB3AB0025003B /* FeedPostsSection.swift */ = {isa = PBXFileReference; lastKnownFileType = sourcecode.swift; path = FeedPostsSection.swift; sourceTree = "<group>"; };
		C906544924DFB5D80025003B /* FeedPostRow.swift */ = {isa = PBXFileReference; lastKnownFileType = sourcecode.swift; path = FeedPostRow.swift; sourceTree = "<group>"; };
		C906544B24DFB6B70025003B /* FeedPostRowPreview.json */ = {isa = PBXFileReference; lastKnownFileType = text.json; path = FeedPostRowPreview.json; sourceTree = "<group>"; };
		C9159852247229AE00E7FE03 /* Relay.swift */ = {isa = PBXFileReference; lastKnownFileType = folder; name = Relay.swift; path = ../../../Relay.swift; sourceTree = "<group>"; };
		C9172F2224B10ADE00C453B6 /* Sidebar.swift */ = {isa = PBXFileReference; lastKnownFileType = sourcecode.swift; path = Sidebar.swift; sourceTree = "<group>"; };
		C9172F2524B1108000C453B6 /* TweetsScreen.swift */ = {isa = PBXFileReference; lastKnownFileType = sourcecode.swift; path = TweetsScreen.swift; sourceTree = "<group>"; };
		C95AD84F24687B2C00691417 /* Courier.app */ = {isa = PBXFileReference; explicitFileType = wrapper.application; includeInIndex = 0; path = Courier.app; sourceTree = BUILT_PRODUCTS_DIR; };
		C95AD85124687B2C00691417 /* AppDelegate.swift */ = {isa = PBXFileReference; lastKnownFileType = sourcecode.swift; path = AppDelegate.swift; sourceTree = "<group>"; };
		C95AD85524687B2C00691417 /* ContentView.swift */ = {isa = PBXFileReference; lastKnownFileType = sourcecode.swift; path = ContentView.swift; sourceTree = "<group>"; };
		C95AD85724687B2D00691417 /* Assets.xcassets */ = {isa = PBXFileReference; lastKnownFileType = folder.assetcatalog; path = Assets.xcassets; sourceTree = "<group>"; };
		C95AD85A24687B2D00691417 /* Preview Assets.xcassets */ = {isa = PBXFileReference; lastKnownFileType = folder.assetcatalog; path = "Preview Assets.xcassets"; sourceTree = "<group>"; };
		C95AD85D24687B2D00691417 /* Base */ = {isa = PBXFileReference; lastKnownFileType = file.storyboard; name = Base; path = Base.lproj/LaunchScreen.storyboard; sourceTree = "<group>"; };
		C95AD85F24687B2D00691417 /* Info.plist */ = {isa = PBXFileReference; lastKnownFileType = text.plist.xml; path = Info.plist; sourceTree = "<group>"; };
		C95AD86424687B2D00691417 /* CourierTests.xctest */ = {isa = PBXFileReference; explicitFileType = wrapper.cfbundle; includeInIndex = 0; path = CourierTests.xctest; sourceTree = BUILT_PRODUCTS_DIR; };
		C95AD86824687B2D00691417 /* CourierTests.swift */ = {isa = PBXFileReference; lastKnownFileType = sourcecode.swift; path = CourierTests.swift; sourceTree = "<group>"; };
		C95AD86A24687B2D00691417 /* Info.plist */ = {isa = PBXFileReference; lastKnownFileType = text.plist.xml; path = Info.plist; sourceTree = "<group>"; };
		C95AD87924687DD700691417 /* TweetsScreen.swift */ = {isa = PBXFileReference; lastKnownFileType = sourcecode.swift; path = TweetsScreen.swift; sourceTree = "<group>"; };
		C95AD87B2468810C00691417 /* CurrentUser.swift */ = {isa = PBXFileReference; lastKnownFileType = sourcecode.swift; path = CurrentUser.swift; sourceTree = "<group>"; };
		C95AD883246886BB00691417 /* Endpoint.swift */ = {isa = PBXFileReference; lastKnownFileType = sourcecode.swift; path = Endpoint.swift; sourceTree = "<group>"; };
		C95AD88724688E3D00691417 /* TweetsList.swift */ = {isa = PBXFileReference; lastKnownFileType = sourcecode.swift; path = TweetsList.swift; sourceTree = "<group>"; };
		C95AD890246895BE00691417 /* Environment.swift */ = {isa = PBXFileReference; lastKnownFileType = sourcecode.swift; path = Environment.swift; sourceTree = "<group>"; };
		C95AD8922468E97600691417 /* TweetRow.swift */ = {isa = PBXFileReference; lastKnownFileType = sourcecode.swift; path = TweetRow.swift; sourceTree = "<group>"; };
		C95AD896246A439F00691417 /* TweetDetailScreen.swift */ = {isa = PBXFileReference; lastKnownFileType = sourcecode.swift; path = TweetDetailScreen.swift; sourceTree = "<group>"; };
		C95AD898246A43DA00691417 /* schema.graphql */ = {isa = PBXFileReference; fileEncoding = 4; lastKnownFileType = text; name = schema.graphql; path = ../../../schema.graphql; sourceTree = "<group>"; };
		C95AD89F246A44DE00691417 /* DetailedTweetList.swift */ = {isa = PBXFileReference; lastKnownFileType = sourcecode.swift; path = DetailedTweetList.swift; sourceTree = "<group>"; };
		C95AD8A1246A44EB00691417 /* DetailedTweetRow.swift */ = {isa = PBXFileReference; lastKnownFileType = sourcecode.swift; path = DetailedTweetRow.swift; sourceTree = "<group>"; };
		C96F4CC4246A4CED0096B5ED /* LoadingView.swift */ = {isa = PBXFileReference; lastKnownFileType = sourcecode.swift; path = LoadingView.swift; sourceTree = "<group>"; };
		C96F4CC6246A509E0096B5ED /* ErrorView.swift */ = {isa = PBXFileReference; lastKnownFileType = sourcecode.swift; path = ErrorView.swift; sourceTree = "<group>"; };
		C96F4CC8246A573E0096B5ED /* AsyncImage.swift */ = {isa = PBXFileReference; lastKnownFileType = sourcecode.swift; path = AsyncImage.swift; sourceTree = "<group>"; };
		C96F4CCA246A588D0096B5ED /* AsyncImageGrid.swift */ = {isa = PBXFileReference; lastKnownFileType = sourcecode.swift; path = AsyncImageGrid.swift; sourceTree = "<group>"; };
		C96F4CCC246A5AAF0096B5ED /* ImagePlaceholder.swift */ = {isa = PBXFileReference; lastKnownFileType = sourcecode.swift; path = ImagePlaceholder.swift; sourceTree = "<group>"; };
		C96F4CCE246A5CC90096B5ED /* LinkedText.swift */ = {isa = PBXFileReference; lastKnownFileType = sourcecode.swift; path = LinkedText.swift; sourceTree = "<group>"; };
		C96F4CD1246A635B0096B5ED /* SettingsScreen.swift */ = {isa = PBXFileReference; lastKnownFileType = sourcecode.swift; path = SettingsScreen.swift; sourceTree = "<group>"; };
		C96F4CD5246A67CC0096B5ED /* UserProfileSection.swift */ = {isa = PBXFileReference; lastKnownFileType = sourcecode.swift; path = UserProfileSection.swift; sourceTree = "<group>"; };
		C96F4CD9246AEE160096B5ED /* SubscriptionSection.swift */ = {isa = PBXFileReference; lastKnownFileType = sourcecode.swift; path = SubscriptionSection.swift; sourceTree = "<group>"; };
		C96F4CDE246B76400096B5ED /* CancelTweet.swift */ = {isa = PBXFileReference; lastKnownFileType = sourcecode.swift; path = CancelTweet.swift; sourceTree = "<group>"; };
		C96F4CE2246D07D60096B5ED /* DetailedTweetActions.swift */ = {isa = PBXFileReference; lastKnownFileType = sourcecode.swift; path = DetailedTweetActions.swift; sourceTree = "<group>"; };
		C96F4CE6246D0E4E0096B5ED /* UncancelTweet.swift */ = {isa = PBXFileReference; lastKnownFileType = sourcecode.swift; path = UncancelTweet.swift; sourceTree = "<group>"; };
		C96F4CEA246D129F0096B5ED /* PostTweet.swift */ = {isa = PBXFileReference; lastKnownFileType = sourcecode.swift; path = PostTweet.swift; sourceTree = "<group>"; };
		C96F4CEE246E19F50096B5ED /* CurrentEndpoint.swift */ = {isa = PBXFileReference; lastKnownFileType = sourcecode.swift; path = CurrentEndpoint.swift; sourceTree = "<group>"; };
		C9A151B924BB838B0032E550 /* Badge.swift */ = {isa = PBXFileReference; lastKnownFileType = sourcecode.swift; path = Badge.swift; sourceTree = "<group>"; };
		C9A151BF24BB8C8B0032E550 /* TweetRowPreview.json */ = {isa = PBXFileReference; lastKnownFileType = text.json; path = TweetRowPreview.json; sourceTree = "<group>"; };
		C9C34761246E2C48004027DE /* EnvironmentSection.swift */ = {isa = PBXFileReference; lastKnownFileType = sourcecode.swift; path = EnvironmentSection.swift; sourceTree = "<group>"; };
		C9C34763246FBB9D004027DE /* ViewTweet.swift */ = {isa = PBXFileReference; lastKnownFileType = sourcecode.swift; path = ViewTweet.swift; sourceTree = "<group>"; };
		C9C34767246FBCE3004027DE /* EditTweetForm.swift */ = {isa = PBXFileReference; lastKnownFileType = sourcecode.swift; path = EditTweetForm.swift; sourceTree = "<group>"; };
		C9C3476B246FBE65004027DE /* EditTweetList.swift */ = {isa = PBXFileReference; lastKnownFileType = sourcecode.swift; path = EditTweetList.swift; sourceTree = "<group>"; };
		C9C3476F24706E89004027DE /* EditTweet.swift */ = {isa = PBXFileReference; lastKnownFileType = sourcecode.swift; path = EditTweet.swift; sourceTree = "<group>"; };
		C9C3477724708684004027DE /* Courier.entitlements */ = {isa = PBXFileReference; lastKnownFileType = text.plist.entitlements; path = Courier.entitlements; sourceTree = "<group>"; };
		C9C3477824708A68004027DE /* Localizable.stringsdict */ = {isa = PBXFileReference; lastKnownFileType = text.plist.stringsdict; path = Localizable.stringsdict; sourceTree = "<group>"; };
		C9C3477B24708B80004027DE /* en */ = {isa = PBXFileReference; lastKnownFileType = text.plist.strings; name = en; path = en.lproj/Localizable.strings; sourceTree = "<group>"; };
		C9C3477D24708D88004027DE /* NotificationHandler.swift */ = {isa = PBXFileReference; lastKnownFileType = sourcecode.swift; path = NotificationHandler.swift; sourceTree = "<group>"; };
		C9C61DB52477857700B344A3 /* ScreenCoordinator.swift */ = {isa = PBXFileReference; lastKnownFileType = sourcecode.swift; path = ScreenCoordinator.swift; sourceTree = "<group>"; };
		C9C61DB7247797A900B344A3 /* ConnectionHelpers.swift */ = {isa = PBXFileReference; lastKnownFileType = sourcecode.swift; path = ConnectionHelpers.swift; sourceTree = "<group>"; };
		C9C61DB92478D21B00B344A3 /* Delayed.swift */ = {isa = PBXFileReference; lastKnownFileType = sourcecode.swift; path = Delayed.swift; sourceTree = "<group>"; };
		C9C61DBE2479C4CD00B344A3 /* EventListener.swift */ = {isa = PBXFileReference; lastKnownFileType = sourcecode.swift; path = EventListener.swift; sourceTree = "<group>"; };
		C9C61DC12479CF7C00B344A3 /* TweetPostedEvent.swift */ = {isa = PBXFileReference; lastKnownFileType = sourcecode.swift; path = TweetPostedEvent.swift; sourceTree = "<group>"; };
		C9C61DC52479E00000B344A3 /* TweetCanceledEvent.swift */ = {isa = PBXFileReference; lastKnownFileType = sourcecode.swift; path = TweetCanceledEvent.swift; sourceTree = "<group>"; };
		C9C61DC92479E37500B344A3 /* TweetUncanceledEvent.swift */ = {isa = PBXFileReference; lastKnownFileType = sourcecode.swift; path = TweetUncanceledEvent.swift; sourceTree = "<group>"; };
		C9C61DCD2479E4D100B344A3 /* TweetEditedEvent.swift */ = {isa = PBXFileReference; lastKnownFileType = sourcecode.swift; path = TweetEditedEvent.swift; sourceTree = "<group>"; };
		C9C9C01B24A46EE2005BF960 /* App.swift */ = {isa = PBXFileReference; lastKnownFileType = sourcecode.swift; path = App.swift; sourceTree = "<group>"; };
		C9C9C01D24A59B4F005BF960 /* RelaySwiftUINext.swift */ = {isa = PBXFileReference; lastKnownFileType = sourcecode.swift; path = RelaySwiftUINext.swift; sourceTree = "<group>"; };
		C9D63CF424C40C160053FD34 /* CourierCommon */ = {isa = PBXFileReference; lastKnownFileType = folder; path = CourierCommon; sourceTree = "<group>"; };
		C9DC5E792476340700FF31BC /* JWTDecode.framework */ = {isa = PBXFileReference; lastKnownFileType = wrapper.framework; name = JWTDecode.framework; path = Carthage/Build/iOS/JWTDecode.framework; sourceTree = "<group>"; };
		C9DC5E7A2476340700FF31BC /* Auth0.framework */ = {isa = PBXFileReference; lastKnownFileType = wrapper.framework; name = Auth0.framework; path = Carthage/Build/iOS/Auth0.framework; sourceTree = "<group>"; };
		C9DC5E7B2476340700FF31BC /* SimpleKeychain.framework */ = {isa = PBXFileReference; lastKnownFileType = wrapper.framework; name = SimpleKeychain.framework; path = Carthage/Build/iOS/SimpleKeychain.framework; sourceTree = "<group>"; };
		C9FE85CD24B0CD0200B4CB45 /* Courier macOS.app */ = {isa = PBXFileReference; explicitFileType = wrapper.application; includeInIndex = 0; path = "Courier macOS.app"; sourceTree = BUILT_PRODUCTS_DIR; };
		C9FE85CF24B0CD0200B4CB45 /* Courier_macOSApp.swift */ = {isa = PBXFileReference; lastKnownFileType = sourcecode.swift; path = Courier_macOSApp.swift; sourceTree = "<group>"; };
		C9FE85D124B0CD0200B4CB45 /* ContentView.swift */ = {isa = PBXFileReference; lastKnownFileType = sourcecode.swift; path = ContentView.swift; sourceTree = "<group>"; };
		C9FE85D324B0CD0300B4CB45 /* Assets.xcassets */ = {isa = PBXFileReference; lastKnownFileType = folder.assetcatalog; path = Assets.xcassets; sourceTree = "<group>"; };
		C9FE85D624B0CD0300B4CB45 /* Preview Assets.xcassets */ = {isa = PBXFileReference; lastKnownFileType = folder.assetcatalog; path = "Preview Assets.xcassets"; sourceTree = "<group>"; };
		C9FE85D824B0CD0300B4CB45 /* Info.plist */ = {isa = PBXFileReference; lastKnownFileType = text.plist.xml; path = Info.plist; sourceTree = "<group>"; };
		C9FE85D924B0CD0300B4CB45 /* Courier_macOS.entitlements */ = {isa = PBXFileReference; lastKnownFileType = text.plist.entitlements; path = Courier_macOS.entitlements; sourceTree = "<group>"; };
		C9FE85DF24B0D28300B4CB45 /* JWTDecode.framework */ = {isa = PBXFileReference; lastKnownFileType = wrapper.framework; name = JWTDecode.framework; path = Carthage/Build/Mac/JWTDecode.framework; sourceTree = "<group>"; };
		C9FE85E024B0D28300B4CB45 /* SimpleKeychain.framework */ = {isa = PBXFileReference; lastKnownFileType = wrapper.framework; name = SimpleKeychain.framework; path = Carthage/Build/Mac/SimpleKeychain.framework; sourceTree = "<group>"; };
		C9FE85E124B0D28400B4CB45 /* Auth0.framework */ = {isa = PBXFileReference; lastKnownFileType = wrapper.framework; name = Auth0.framework; path = Carthage/Build/Mac/Auth0.framework; sourceTree = "<group>"; };
		C9FE861C24B0D5D700B4CB45 /* AsyncImage.swift */ = {isa = PBXFileReference; lastKnownFileType = sourcecode.swift; path = AsyncImage.swift; sourceTree = "<group>"; };
/* End PBXFileReference section */

/* Begin PBXFrameworksBuildPhase section */
		C95AD84C24687B2C00691417 /* Frameworks */ = {
			isa = PBXFrameworksBuildPhase;
			buildActionMask = 2147483647;
			files = (
				C9DC5E7C2476340700FF31BC /* JWTDecode.framework in Frameworks */,
				C9D63CF624C40E1B0053FD34 /* CourierGenerated in Frameworks */,
				C9DC5E7E2476340700FF31BC /* SimpleKeychain.framework in Frameworks */,
				C9C34776247081E6004027DE /* PushNotifications in Frameworks */,
				C9C61DBD2479C43500B344A3 /* PusherSwift in Frameworks */,
				C9DC5E7D2476340700FF31BC /* Auth0.framework in Frameworks */,
				C906544F24DFBCE70025003B /* SwiftSoup in Frameworks */,
			);
			runOnlyForDeploymentPostprocessing = 0;
		};
		C95AD86124687B2D00691417 /* Frameworks */ = {
			isa = PBXFrameworksBuildPhase;
			buildActionMask = 2147483647;
			files = (
			);
			runOnlyForDeploymentPostprocessing = 0;
		};
		C9FE85CA24B0CD0200B4CB45 /* Frameworks */ = {
			isa = PBXFrameworksBuildPhase;
			buildActionMask = 2147483647;
			files = (
				C9FE85EA24B0D32000B4CB45 /* JWTDecode.framework in Frameworks */,
				C9FE85E624B0D2A600B4CB45 /* RelaySwiftUI in Frameworks */,
				C9FE85EC24B0D32200B4CB45 /* SimpleKeychain.framework in Frameworks */,
				C9FE85E724B0D31A00B4CB45 /* Auth0.framework in Frameworks */,
			);
			runOnlyForDeploymentPostprocessing = 0;
		};
/* End PBXFrameworksBuildPhase section */

/* Begin PBXGroup section */
		C906543824DF26610025003B /* Feed Detail Screen */ = {
			isa = PBXGroup;
			children = (
				C906543924DF26770025003B /* FeedDetailScreen.swift */,
				C906543B24DF27E60025003B /* FeedInfoSection.swift */,
				C906544724DFB3AB0025003B /* FeedPostsSection.swift */,
				C906544924DFB5D80025003B /* FeedPostRow.swift */,
			);
			path = "Feed Detail Screen";
			sourceTree = "<group>";
		};
		C95AD85024687B2C00691417 /* Courier */ = {
			isa = PBXGroup;
			children = (
				C9C3477724708684004027DE /* Courier.entitlements */,
				C95AD883246886BB00691417 /* Endpoint.swift */,
				C95AD890246895BE00691417 /* Environment.swift */,
				C95AD85124687B2C00691417 /* AppDelegate.swift */,
				C9C3477D24708D88004027DE /* NotificationHandler.swift */,
				C9C61DB52477857700B344A3 /* ScreenCoordinator.swift */,
				C9C61DBE2479C4CD00B344A3 /* EventListener.swift */,
				C9C9C01D24A59B4F005BF960 /* RelaySwiftUINext.swift */,
				C9C61DC02479CF6C00B344A3 /* Events */,
				C96F4CDD246B76220096B5ED /* Mutations */,
				C95AD89C246A446500691417 /* Supporting Views */,
				C95AD89D246A447000691417 /* Tweets Screen */,
				C95AD89E246A447700691417 /* Tweet Detail Screen */,
				C96F4CD0246A63410096B5ED /* Settings Screen */,
				C906543824DF26610025003B /* Feed Detail Screen */,
				C95AD85724687B2D00691417 /* Assets.xcassets */,
				C95AD85C24687B2D00691417 /* LaunchScreen.storyboard */,
				C95AD85F24687B2D00691417 /* Info.plist */,
				C9C3477A24708B80004027DE /* Localizable.strings */,
				C9C3477824708A68004027DE /* Localizable.stringsdict */,
				C95AD85924687B2D00691417 /* Preview Content */,
				C95AD898246A43DA00691417 /* schema.graphql */,
			);
			path = Courier;
			sourceTree = "<group>";
		};
		C95AD85924687B2D00691417 /* Preview Content */ = {
			isa = PBXGroup;
			children = (
				C95AD85A24687B2D00691417 /* Preview Assets.xcassets */,
				C9A151BF24BB8C8B0032E550 /* TweetRowPreview.json */,
				C906543624DF23DC0025003B /* FeedsSectionPreview.json */,
				C906543F24DF2B530025003B /* FeedInfoSectionPreview.json */,
				C906544B24DFB6B70025003B /* FeedPostRowPreview.json */,
			);
			path = "Preview Content";
			sourceTree = "<group>";
		};
		C95AD86724687B2D00691417 /* CourierTests */ = {
			isa = PBXGroup;
			children = (
				C95AD86824687B2D00691417 /* CourierTests.swift */,
				C95AD86A24687B2D00691417 /* Info.plist */,
			);
			path = CourierTests;
			sourceTree = "<group>";
		};
		C95AD87224687B9300691417 /* Frameworks */ = {
			isa = PBXGroup;
			children = (
				C9FE85DD24B0D25000B4CB45 /* iOS */,
				C9FE85DE24B0D25A00B4CB45 /* macOS */,
			);
			name = Frameworks;
			sourceTree = "<group>";
		};
		C95AD89C246A446500691417 /* Supporting Views */ = {
			isa = PBXGroup;
			children = (
				C9C9C01B24A46EE2005BF960 /* App.swift */,
				C95AD85524687B2C00691417 /* ContentView.swift */,
				C9172F2224B10ADE00C453B6 /* Sidebar.swift */,
				C96F4CEE246E19F50096B5ED /* CurrentEndpoint.swift */,
				C95AD87B2468810C00691417 /* CurrentUser.swift */,
				C96F4CC4246A4CED0096B5ED /* LoadingView.swift */,
				C96F4CC6246A509E0096B5ED /* ErrorView.swift */,
				C96F4CC8246A573E0096B5ED /* AsyncImage.swift */,
				C96F4CCA246A588D0096B5ED /* AsyncImageGrid.swift */,
				C96F4CCC246A5AAF0096B5ED /* ImagePlaceholder.swift */,
				C96F4CCE246A5CC90096B5ED /* LinkedText.swift */,
				C9C61DB92478D21B00B344A3 /* Delayed.swift */,
				C9A151B924BB838B0032E550 /* Badge.swift */,
				C906543D24DF2A2E0025003B /* Spinning.swift */,
			);
			path = "Supporting Views";
			sourceTree = "<group>";
		};
		C95AD89D246A447000691417 /* Tweets Screen */ = {
			isa = PBXGroup;
			children = (
				C95AD87924687DD700691417 /* TweetsScreen.swift */,
				C95AD88724688E3D00691417 /* TweetsList.swift */,
				C95AD8922468E97600691417 /* TweetRow.swift */,
			);
			path = "Tweets Screen";
			sourceTree = "<group>";
		};
		C95AD89E246A447700691417 /* Tweet Detail Screen */ = {
			isa = PBXGroup;
			children = (
				C95AD896246A439F00691417 /* TweetDetailScreen.swift */,
				C9C34763246FBB9D004027DE /* ViewTweet.swift */,
				C95AD89F246A44DE00691417 /* DetailedTweetList.swift */,
				C95AD8A1246A44EB00691417 /* DetailedTweetRow.swift */,
				C96F4CE2246D07D60096B5ED /* DetailedTweetActions.swift */,
				C9C34767246FBCE3004027DE /* EditTweetForm.swift */,
				C9C3476B246FBE65004027DE /* EditTweetList.swift */,
			);
			path = "Tweet Detail Screen";
			sourceTree = "<group>";
		};
		C96F4CD0246A63410096B5ED /* Settings Screen */ = {
			isa = PBXGroup;
			children = (
				C96F4CD1246A635B0096B5ED /* SettingsScreen.swift */,
				C9C34761246E2C48004027DE /* EnvironmentSection.swift */,
				C96F4CD5246A67CC0096B5ED /* UserProfileSection.swift */,
				C96F4CD9246AEE160096B5ED /* SubscriptionSection.swift */,
				C906543224DF203A0025003B /* FeedsSection.swift */,
				C906543424DF22070025003B /* FeedRow.swift */,
			);
			path = "Settings Screen";
			sourceTree = "<group>";
		};
		C96F4CDD246B76220096B5ED /* Mutations */ = {
			isa = PBXGroup;
			children = (
				C96F4CDE246B76400096B5ED /* CancelTweet.swift */,
				C96F4CEA246D129F0096B5ED /* PostTweet.swift */,
				C96F4CE6246D0E4E0096B5ED /* UncancelTweet.swift */,
				C9C3476F24706E89004027DE /* EditTweet.swift */,
				C9C61DB7247797A900B344A3 /* ConnectionHelpers.swift */,
				C906544124DF30390025003B /* RefreshFeed.swift */,
				C906544524DF32C70025003B /* SetFeedOptions.swift */,
			);
			path = Mutations;
			sourceTree = "<group>";
		};
		C9A74961237852430046E924 = {
			isa = PBXGroup;
			children = (
				C9159852247229AE00E7FE03 /* Relay.swift */,
				C9D63CF424C40C160053FD34 /* CourierCommon */,
				C95AD85024687B2C00691417 /* Courier */,
				C95AD86724687B2D00691417 /* CourierTests */,
				C9FE85CE24B0CD0200B4CB45 /* Courier macOS */,
				C9A7496B237852430046E924 /* Products */,
				C95AD87224687B9300691417 /* Frameworks */,
			);
			sourceTree = "<group>";
		};
		C9A7496B237852430046E924 /* Products */ = {
			isa = PBXGroup;
			children = (
				C95AD84F24687B2C00691417 /* Courier.app */,
				C95AD86424687B2D00691417 /* CourierTests.xctest */,
				C9FE85CD24B0CD0200B4CB45 /* Courier macOS.app */,
			);
			name = Products;
			sourceTree = "<group>";
		};
		C9C61DC02479CF6C00B344A3 /* Events */ = {
			isa = PBXGroup;
			children = (
				C9C61DC52479E00000B344A3 /* TweetCanceledEvent.swift */,
				C9C61DC12479CF7C00B344A3 /* TweetPostedEvent.swift */,
				C9C61DC92479E37500B344A3 /* TweetUncanceledEvent.swift */,
				C9C61DCD2479E4D100B344A3 /* TweetEditedEvent.swift */,
				C906544324DF31130025003B /* FeedRefreshedEvent.swift */,
			);
			path = Events;
			sourceTree = "<group>";
		};
		C9FE85CE24B0CD0200B4CB45 /* Courier macOS */ = {
			isa = PBXGroup;
			children = (
				C9FE85CF24B0CD0200B4CB45 /* Courier_macOSApp.swift */,
				C9FE85D124B0CD0200B4CB45 /* ContentView.swift */,
				C9FE861C24B0D5D700B4CB45 /* AsyncImage.swift */,
				C9172F2524B1108000C453B6 /* TweetsScreen.swift */,
				C9FE85D324B0CD0300B4CB45 /* Assets.xcassets */,
				C9FE85D824B0CD0300B4CB45 /* Info.plist */,
				C9FE85D924B0CD0300B4CB45 /* Courier_macOS.entitlements */,
				C9FE85D524B0CD0300B4CB45 /* Preview Content */,
			);
			path = "Courier macOS";
			sourceTree = "<group>";
		};
		C9FE85D524B0CD0300B4CB45 /* Preview Content */ = {
			isa = PBXGroup;
			children = (
				C9FE85D624B0CD0300B4CB45 /* Preview Assets.xcassets */,
			);
			path = "Preview Content";
			sourceTree = "<group>";
		};
		C9FE85DD24B0D25000B4CB45 /* iOS */ = {
			isa = PBXGroup;
			children = (
				C9DC5E7A2476340700FF31BC /* Auth0.framework */,
				C9DC5E792476340700FF31BC /* JWTDecode.framework */,
				C9DC5E7B2476340700FF31BC /* SimpleKeychain.framework */,
			);
			name = iOS;
			sourceTree = "<group>";
		};
		C9FE85DE24B0D25A00B4CB45 /* macOS */ = {
			isa = PBXGroup;
			children = (
				C9FE85E124B0D28400B4CB45 /* Auth0.framework */,
				C9FE85DF24B0D28300B4CB45 /* JWTDecode.framework */,
				C9FE85E024B0D28300B4CB45 /* SimpleKeychain.framework */,
			);
			name = macOS;
			sourceTree = "<group>";
		};
/* End PBXGroup section */

/* Begin PBXNativeTarget section */
		C95AD84E24687B2C00691417 /* Courier */ = {
			isa = PBXNativeTarget;
			buildConfigurationList = C95AD86F24687B2D00691417 /* Build configuration list for PBXNativeTarget "Courier" */;
			buildPhases = (
				C9A151BC24BB8BC40032E550 /* Generate Relay sources */,
				C95AD84B24687B2C00691417 /* Sources */,
				C95AD84C24687B2C00691417 /* Frameworks */,
				C95AD84D24687B2C00691417 /* Resources */,
				C95AD8822468843800691417 /* Copy Carthage Frameworks */,
			);
			buildRules = (
			);
			dependencies = (
			);
			name = Courier;
			packageProductDependencies = (
				C9C34775247081E6004027DE /* PushNotifications */,
				C9C61DBC2479C43500B344A3 /* PusherSwift */,
				C9D63CF524C40E1B0053FD34 /* CourierGenerated */,
				C906544E24DFBCE70025003B /* SwiftSoup */,
			);
			productName = CourierNext;
			productReference = C95AD84F24687B2C00691417 /* Courier.app */;
			productType = "com.apple.product-type.application";
		};
		C95AD86324687B2D00691417 /* CourierTests */ = {
			isa = PBXNativeTarget;
			buildConfigurationList = C95AD87024687B2D00691417 /* Build configuration list for PBXNativeTarget "CourierTests" */;
			buildPhases = (
				C95AD86024687B2D00691417 /* Sources */,
				C95AD86124687B2D00691417 /* Frameworks */,
				C95AD86224687B2D00691417 /* Resources */,
			);
			buildRules = (
			);
			dependencies = (
				C95AD86624687B2D00691417 /* PBXTargetDependency */,
			);
			name = CourierTests;
			productName = CourierNextTests;
			productReference = C95AD86424687B2D00691417 /* CourierTests.xctest */;
			productType = "com.apple.product-type.bundle.unit-test";
		};
		C9FE85CC24B0CD0200B4CB45 /* Courier macOS */ = {
			isa = PBXNativeTarget;
			buildConfigurationList = C9FE85DC24B0CD0300B4CB45 /* Build configuration list for PBXNativeTarget "Courier macOS" */;
			buildPhases = (
				C9A151BB24BB8B780032E550 /* ShellScript */,
				C9FE85C924B0CD0200B4CB45 /* Sources */,
				C9FE85CA24B0CD0200B4CB45 /* Frameworks */,
				C9FE85CB24B0CD0200B4CB45 /* Resources */,
				C9FE85E924B0D31A00B4CB45 /* Embed Frameworks */,
			);
			buildRules = (
			);
			dependencies = (
			);
			name = "Courier macOS";
			packageProductDependencies = (
				C9FE85E524B0D2A600B4CB45 /* RelaySwiftUI */,
			);
			productName = "Courier macOS";
			productReference = C9FE85CD24B0CD0200B4CB45 /* Courier macOS.app */;
			productType = "com.apple.product-type.application";
		};
/* End PBXNativeTarget section */

/* Begin PBXProject section */
		C9A74962237852430046E924 /* Project object */ = {
			isa = PBXProject;
			attributes = {
				LastSwiftUpdateCheck = 1200;
				LastUpgradeCheck = 1120;
				ORGANIZATIONNAME = "Matt Moriarity";
				TargetAttributes = {
					C95AD84E24687B2C00691417 = {
						CreatedOnToolsVersion = 11.4.1;
					};
					C95AD86324687B2D00691417 = {
						CreatedOnToolsVersion = 11.4.1;
						TestTargetID = C95AD84E24687B2C00691417;
					};
					C9FE85CC24B0CD0200B4CB45 = {
						CreatedOnToolsVersion = 12.0;
					};
				};
			};
			buildConfigurationList = C9A74965237852430046E924 /* Build configuration list for PBXProject "Courier" */;
			compatibilityVersion = "Xcode 9.3";
			developmentRegion = en;
			hasScannedForEncodings = 0;
			knownRegions = (
				en,
				Base,
			);
			mainGroup = C9A74961237852430046E924;
			packageReferences = (
				C97232682401ED6100C400EA /* XCRemoteSwiftPackageReference "push-notifications-swift" */,
				C9C347812471FA9D004027DE /* XCRemoteSwiftPackageReference "Relay.swift" */,
				C9C61DBB2479C43500B344A3 /* XCRemoteSwiftPackageReference "pusher-websocket-swift" */,
				C906544D24DFBCE70025003B /* XCRemoteSwiftPackageReference "SwiftSoup" */,
			);
			productRefGroup = C9A7496B237852430046E924 /* Products */;
			projectDirPath = "";
			projectRoot = "";
			targets = (
				C95AD84E24687B2C00691417 /* Courier */,
				C95AD86324687B2D00691417 /* CourierTests */,
				C9FE85CC24B0CD0200B4CB45 /* Courier macOS */,
			);
		};
/* End PBXProject section */

/* Begin PBXResourcesBuildPhase section */
		C95AD84D24687B2C00691417 /* Resources */ = {
			isa = PBXResourcesBuildPhase;
			buildActionMask = 2147483647;
			files = (
				C9C3477C24708B9B004027DE /* Localizable.strings in Resources */,
				C906544024DF2B530025003B /* FeedInfoSectionPreview.json in Resources */,
				C9A151C024BB8C8B0032E550 /* TweetRowPreview.json in Resources */,
				C95AD85E24687B2D00691417 /* LaunchScreen.storyboard in Resources */,
				C906544C24DFB6B70025003B /* FeedPostRowPreview.json in Resources */,
				C9C3477924708A68004027DE /* Localizable.stringsdict in Resources */,
				C95AD85B24687B2D00691417 /* Preview Assets.xcassets in Resources */,
				C95AD85824687B2D00691417 /* Assets.xcassets in Resources */,
				C906543724DF23DC0025003B /* FeedsSectionPreview.json in Resources */,
			);
			runOnlyForDeploymentPostprocessing = 0;
		};
		C95AD86224687B2D00691417 /* Resources */ = {
			isa = PBXResourcesBuildPhase;
			buildActionMask = 2147483647;
			files = (
			);
			runOnlyForDeploymentPostprocessing = 0;
		};
		C9FE85CB24B0CD0200B4CB45 /* Resources */ = {
			isa = PBXResourcesBuildPhase;
			buildActionMask = 2147483647;
			files = (
				C9FE85D724B0CD0300B4CB45 /* Preview Assets.xcassets in Resources */,
				C9FE85D424B0CD0300B4CB45 /* Assets.xcassets in Resources */,
			);
			runOnlyForDeploymentPostprocessing = 0;
		};
/* End PBXResourcesBuildPhase section */

/* Begin PBXShellScriptBuildPhase section */
		C95AD8822468843800691417 /* Copy Carthage Frameworks */ = {
			isa = PBXShellScriptBuildPhase;
			buildActionMask = 2147483647;
			files = (
			);
			inputFileListPaths = (
			);
			inputPaths = (
				"$(SRCROOT)/Carthage/Build/iOS/Auth0.framework",
				"$(SRCROOT)/Carthage/Build/iOS/SimpleKeychain.framework",
				"$(SRCROOT)/Carthage/Build/iOS/JWTDecode.framework",
			);
			name = "Copy Carthage Frameworks";
			outputFileListPaths = (
			);
			outputPaths = (
				"$(BUILT_PRODUCTS_DIR)/$(FRAMEWORKS_FOLDER_PATH)/Auth0.framework",
				"$(BUILT_PRODUCTS_DIR)/$(FRAMEWORKS_FOLDER_PATH)/SimpleKeychain.framework",
				"$(BUILT_PRODUCTS_DIR)/$(FRAMEWORKS_FOLDER_PATH)/JWTDecode.framework",
			);
			runOnlyForDeploymentPostprocessing = 0;
			shellPath = /bin/sh;
			shellScript = "/usr/local/bin/carthage copy-frameworks\n";
		};
		C9A151BB24BB8B780032E550 /* ShellScript */ = {
			isa = PBXShellScriptBuildPhase;
			alwaysOutOfDate = 1;
			buildActionMask = 2147483647;
			files = (
			);
			inputFileListPaths = (
			);
			inputPaths = (
			);
			outputFileListPaths = (
			);
			outputPaths = (
			);
			runOnlyForDeploymentPostprocessing = 0;
			shellPath = /bin/zsh;
			shellScript = "if [[ -d \"$HOME/.nodenv\" ]]; then\n    eval \"$(nodenv init -)\"\nfi\n\ncd Courier\nnpx relay-compiler\n";
		};
		C9A151BC24BB8BC40032E550 /* Generate Relay sources */ = {
			isa = PBXShellScriptBuildPhase;
			alwaysOutOfDate = 1;
			buildActionMask = 2147483647;
			files = (
			);
			inputFileListPaths = (
			);
			inputPaths = (
			);
			name = "Generate Relay sources";
			outputFileListPaths = (
			);
			outputPaths = (
			);
			runOnlyForDeploymentPostprocessing = 0;
			shellPath = /bin/zsh;
			shellScript = "#if [[ -d \"$HOME/.nodenv\" ]]; then\n#    eval \"$(nodenv init -)\"\n#fi\n#\n#cd Courier\n#npx relay-compiler\n#\n";
		};
/* End PBXShellScriptBuildPhase section */

/* Begin PBXSourcesBuildPhase section */
		C95AD84B24687B2C00691417 /* Sources */ = {
			isa = PBXSourcesBuildPhase;
			buildActionMask = 2147483647;
			files = (
				C95AD8932468E97700691417 /* TweetRow.swift in Sources */,
				C906543C24DF27E60025003B /* FeedInfoSection.swift in Sources */,
				C906543E24DF2A2E0025003B /* Spinning.swift in Sources */,
				C9C9C01E24A59B4F005BF960 /* RelaySwiftUINext.swift in Sources */,
				C9C61DB8247797A900B344A3 /* ConnectionHelpers.swift in Sources */,
				C96F4CD2246A635B0096B5ED /* SettingsScreen.swift in Sources */,
				C9C61DC62479E00000B344A3 /* TweetCanceledEvent.swift in Sources */,
				C96F4CC9246A573E0096B5ED /* AsyncImage.swift in Sources */,
				C9A151BA24BB838B0032E550 /* Badge.swift in Sources */,
				C9C61DBA2478D21B00B344A3 /* Delayed.swift in Sources */,
				C9C61DCA2479E37500B344A3 /* TweetUncanceledEvent.swift in Sources */,
				C95AD87C2468810C00691417 /* CurrentUser.swift in Sources */,
				C95AD8A2246A44EB00691417 /* DetailedTweetRow.swift in Sources */,
				C95AD891246895BE00691417 /* Environment.swift in Sources */,
				C96F4CCB246A588D0096B5ED /* AsyncImageGrid.swift in Sources */,
				C96F4CD6246A67CC0096B5ED /* UserProfileSection.swift in Sources */,
				C96F4CC5246A4CED0096B5ED /* LoadingView.swift in Sources */,
				C9C34762246E2C48004027DE /* EnvironmentSection.swift in Sources */,
				C9C3477024706E89004027DE /* EditTweet.swift in Sources */,
				C95AD85224687B2C00691417 /* AppDelegate.swift in Sources */,
				C96F4CEB246D129F0096B5ED /* PostTweet.swift in Sources */,
				C96F4CE3246D07D60096B5ED /* DetailedTweetActions.swift in Sources */,
				C906544A24DFB5D80025003B /* FeedPostRow.swift in Sources */,
				C95AD87A24687DD700691417 /* TweetsScreen.swift in Sources */,
				C9C61DBF2479C4CD00B344A3 /* EventListener.swift in Sources */,
				C9C61DB62477857700B344A3 /* ScreenCoordinator.swift in Sources */,
				C906543A24DF26770025003B /* FeedDetailScreen.swift in Sources */,
				C96F4CE7246D0E4E0096B5ED /* UncancelTweet.swift in Sources */,
				C906544824DFB3AB0025003B /* FeedPostsSection.swift in Sources */,
				C906543524DF22070025003B /* FeedRow.swift in Sources */,
				C906543324DF203A0025003B /* FeedsSection.swift in Sources */,
				C95AD88824688E3D00691417 /* TweetsList.swift in Sources */,
				C96F4CDF246B76400096B5ED /* CancelTweet.swift in Sources */,
				C906544224DF30390025003B /* RefreshFeed.swift in Sources */,
				C9C61DC22479CF7C00B344A3 /* TweetPostedEvent.swift in Sources */,
				C96F4CEF246E19F50096B5ED /* CurrentEndpoint.swift in Sources */,
				C9C61DCE2479E4D100B344A3 /* TweetEditedEvent.swift in Sources */,
				C95AD897246A439F00691417 /* TweetDetailScreen.swift in Sources */,
				C9C3477E24708D88004027DE /* NotificationHandler.swift in Sources */,
				C96F4CCF246A5CC90096B5ED /* LinkedText.swift in Sources */,
				C95AD884246886BB00691417 /* Endpoint.swift in Sources */,
				C906544624DF32C70025003B /* SetFeedOptions.swift in Sources */,
				C9C34768246FBCE3004027DE /* EditTweetForm.swift in Sources */,
				C96F4CDA246AEE160096B5ED /* SubscriptionSection.swift in Sources */,
				C906544424DF31130025003B /* FeedRefreshedEvent.swift in Sources */,
				C9C34764246FBB9D004027DE /* ViewTweet.swift in Sources */,
				C95AD85624687B2C00691417 /* ContentView.swift in Sources */,
				C9C9C01C24A46EE2005BF960 /* App.swift in Sources */,
				C96F4CCD246A5AAF0096B5ED /* ImagePlaceholder.swift in Sources */,
				C9C3476C246FBE65004027DE /* EditTweetList.swift in Sources */,
				C95AD8A0246A44DE00691417 /* DetailedTweetList.swift in Sources */,
				C96F4CC7246A509E0096B5ED /* ErrorView.swift in Sources */,
			);
			runOnlyForDeploymentPostprocessing = 0;
		};
		C95AD86024687B2D00691417 /* Sources */ = {
			isa = PBXSourcesBuildPhase;
			buildActionMask = 2147483647;
			files = (
				C95AD86924687B2D00691417 /* CourierTests.swift in Sources */,
			);
			runOnlyForDeploymentPostprocessing = 0;
		};
		C9FE85C924B0CD0200B4CB45 /* Sources */ = {
			isa = PBXSourcesBuildPhase;
			buildActionMask = 2147483647;
			files = (
				C9FE862424B0D9E800B4CB45 /* DetailedTweetActions.swift in Sources */,
				C9FE862624B0D9E800B4CB45 /* DetailedTweetList.swift in Sources */,
				C9172F2724B1108000C453B6 /* TweetsScreen.swift in Sources */,
				C9FE860C24B0D59400B4CB45 /* LinkedText.swift in Sources */,
				C9FE861824B0D5A300B4CB45 /* TweetUncanceledEvent.swift in Sources */,
				C9FE862724B0D9E800B4CB45 /* EditTweetForm.swift in Sources */,
				C9FE860924B0D56100B4CB45 /* Endpoint.swift in Sources */,
				C9172F2424B10ADE00C453B6 /* Sidebar.swift in Sources */,
				C9FE861724B0D5A300B4CB45 /* TweetPostedEvent.swift in Sources */,
				C9FE862124B0D68700B4CB45 /* SubscriptionSection.swift in Sources */,
				C9FE861224B0D59F00B4CB45 /* EditTweet.swift in Sources */,
				C9FE862024B0D68700B4CB45 /* EnvironmentSection.swift in Sources */,
				C9FE861124B0D59F00B4CB45 /* CancelTweet.swift in Sources */,
				C9FE85EF24B0D4F200B4CB45 /* CurrentEndpoint.swift in Sources */,
				C9FE861E24B0D68300B4CB45 /* SettingsScreen.swift in Sources */,
				C9FE85D224B0CD0200B4CB45 /* ContentView.swift in Sources */,
				C9FE85F324B0D52300B4CB45 /* TweetRow.swift in Sources */,
				C9FE85EE24B0D4D900B4CB45 /* CurrentUser.swift in Sources */,
				C9FE860B24B0D59000B4CB45 /* ErrorView.swift in Sources */,
				C9FE861A24B0D5A600B4CB45 /* RelaySwiftUINext.swift in Sources */,
				C9FE861F24B0D68700B4CB45 /* UserProfileSection.swift in Sources */,
				C9FE861924B0D5A300B4CB45 /* TweetEditedEvent.swift in Sources */,
				C9FE861424B0D59F00B4CB45 /* UncancelTweet.swift in Sources */,
				C9FE862324B0D9E800B4CB45 /* ViewTweet.swift in Sources */,
				C9FE861624B0D5A300B4CB45 /* TweetCanceledEvent.swift in Sources */,
				C9FE861D24B0D5D700B4CB45 /* AsyncImage.swift in Sources */,
				C9FE85F224B0D52000B4CB45 /* TweetsList.swift in Sources */,
				C9FE861524B0D59F00B4CB45 /* PostTweet.swift in Sources */,
				C9FE861324B0D59F00B4CB45 /* ConnectionHelpers.swift in Sources */,
				C9FE861B24B0D5AB00B4CB45 /* ScreenCoordinator.swift in Sources */,
				C9FE860F24B0D59400B4CB45 /* AsyncImageGrid.swift in Sources */,
				C9FE85D024B0CD0200B4CB45 /* Courier_macOSApp.swift in Sources */,
				C9FE860A24B0D58E00B4CB45 /* LoadingView.swift in Sources */,
				C9FE862824B0D9E800B4CB45 /* TweetDetailScreen.swift in Sources */,
				C9FE860D24B0D59400B4CB45 /* Delayed.swift in Sources */,
				C9FE861024B0D59400B4CB45 /* ImagePlaceholder.swift in Sources */,
				C9FE85F024B0D4FA00B4CB45 /* Environment.swift in Sources */,
				C9FE862524B0D9E800B4CB45 /* DetailedTweetRow.swift in Sources */,
				C9FE862224B0D9E800B4CB45 /* EditTweetList.swift in Sources */,
			);
			runOnlyForDeploymentPostprocessing = 0;
		};
/* End PBXSourcesBuildPhase section */

/* Begin PBXTargetDependency section */
		C95AD86624687B2D00691417 /* PBXTargetDependency */ = {
			isa = PBXTargetDependency;
			target = C95AD84E24687B2C00691417 /* Courier */;
			targetProxy = C95AD86524687B2D00691417 /* PBXContainerItemProxy */;
		};
/* End PBXTargetDependency section */

/* Begin PBXVariantGroup section */
		C95AD85C24687B2D00691417 /* LaunchScreen.storyboard */ = {
			isa = PBXVariantGroup;
			children = (
				C95AD85D24687B2D00691417 /* Base */,
			);
			name = LaunchScreen.storyboard;
			sourceTree = "<group>";
		};
		C9C3477A24708B80004027DE /* Localizable.strings */ = {
			isa = PBXVariantGroup;
			children = (
				C9C3477B24708B80004027DE /* en */,
			);
			name = Localizable.strings;
			sourceTree = "<group>";
		};
/* End PBXVariantGroup section */

/* Begin XCBuildConfiguration section */
		C95AD86B24687B2D00691417 /* Debug */ = {
			isa = XCBuildConfiguration;
			buildSettings = {
				ASSETCATALOG_COMPILER_APPICON_NAME = AppIcon;
				ASSETCATALOG_COMPILER_GLOBAL_ACCENT_COLOR_NAME = AccentColor;
				CODE_SIGN_ENTITLEMENTS = Courier/Courier.entitlements;
				CODE_SIGN_STYLE = Automatic;
				DEVELOPMENT_ASSET_PATHS = "\"Courier/Preview Content\"";
				DEVELOPMENT_TEAM = PE8BN56Z28;
				ENABLE_PREVIEWS = YES;
				FRAMEWORK_SEARCH_PATHS = (
					"$(inherited)",
					"$(PROJECT_DIR)/Carthage/Build/iOS",
				);
				INFOPLIST_FILE = Courier/Info.plist;
				IPHONEOS_DEPLOYMENT_TARGET = 14.0;
				LD_RUNPATH_SEARCH_PATHS = (
					"$(inherited)",
					"@executable_path/Frameworks",
				);
				PRODUCT_BUNDLE_IDENTIFIER = com.mattmoriarity.Courier;
				PRODUCT_NAME = "$(TARGET_NAME)";
				SWIFT_VERSION = 5.0;
				TARGETED_DEVICE_FAMILY = "1,2";
			};
			name = Debug;
		};
		C95AD86C24687B2D00691417 /* Release */ = {
			isa = XCBuildConfiguration;
			buildSettings = {
				ASSETCATALOG_COMPILER_APPICON_NAME = AppIcon;
				ASSETCATALOG_COMPILER_GLOBAL_ACCENT_COLOR_NAME = AccentColor;
				CODE_SIGN_ENTITLEMENTS = Courier/Courier.entitlements;
				CODE_SIGN_STYLE = Automatic;
				DEVELOPMENT_ASSET_PATHS = "\"Courier/Preview Content\"";
				DEVELOPMENT_TEAM = PE8BN56Z28;
				ENABLE_PREVIEWS = YES;
				FRAMEWORK_SEARCH_PATHS = (
					"$(inherited)",
					"$(PROJECT_DIR)/Carthage/Build/iOS",
				);
				INFOPLIST_FILE = Courier/Info.plist;
				IPHONEOS_DEPLOYMENT_TARGET = 14.0;
				LD_RUNPATH_SEARCH_PATHS = (
					"$(inherited)",
					"@executable_path/Frameworks",
				);
				PRODUCT_BUNDLE_IDENTIFIER = com.mattmoriarity.Courier;
				PRODUCT_NAME = "$(TARGET_NAME)";
				SWIFT_VERSION = 5.0;
				TARGETED_DEVICE_FAMILY = "1,2";
			};
			name = Release;
		};
		C95AD86D24687B2D00691417 /* Debug */ = {
			isa = XCBuildConfiguration;
			buildSettings = {
				ALWAYS_EMBED_SWIFT_STANDARD_LIBRARIES = YES;
				BUNDLE_LOADER = "$(TEST_HOST)";
				CODE_SIGN_STYLE = Automatic;
				DEVELOPMENT_TEAM = PE8BN56Z28;
				INFOPLIST_FILE = CourierTests/Info.plist;
				IPHONEOS_DEPLOYMENT_TARGET = 13.4;
				LD_RUNPATH_SEARCH_PATHS = (
					"$(inherited)",
					"@executable_path/Frameworks",
					"@loader_path/Frameworks",
				);
				PRODUCT_BUNDLE_IDENTIFIER = com.mattmoriarity.CourierTests;
				PRODUCT_NAME = "$(TARGET_NAME)";
				SWIFT_VERSION = 5.0;
				TARGETED_DEVICE_FAMILY = "1,2";
				TEST_HOST = "$(BUILT_PRODUCTS_DIR)/Courier.app/Courier";
			};
			name = Debug;
		};
		C95AD86E24687B2D00691417 /* Release */ = {
			isa = XCBuildConfiguration;
			buildSettings = {
				ALWAYS_EMBED_SWIFT_STANDARD_LIBRARIES = YES;
				BUNDLE_LOADER = "$(TEST_HOST)";
				CODE_SIGN_STYLE = Automatic;
				DEVELOPMENT_TEAM = PE8BN56Z28;
				INFOPLIST_FILE = CourierTests/Info.plist;
				IPHONEOS_DEPLOYMENT_TARGET = 13.4;
				LD_RUNPATH_SEARCH_PATHS = (
					"$(inherited)",
					"@executable_path/Frameworks",
					"@loader_path/Frameworks",
				);
				PRODUCT_BUNDLE_IDENTIFIER = com.mattmoriarity.CourierTests;
				PRODUCT_NAME = "$(TARGET_NAME)";
				SWIFT_VERSION = 5.0;
				TARGETED_DEVICE_FAMILY = "1,2";
				TEST_HOST = "$(BUILT_PRODUCTS_DIR)/Courier.app/Courier";
			};
			name = Release;
		};
		C9A74989237852450046E924 /* Debug */ = {
			isa = XCBuildConfiguration;
			buildSettings = {
				ALWAYS_SEARCH_USER_PATHS = NO;
				CLANG_ANALYZER_NONNULL = YES;
				CLANG_ANALYZER_NUMBER_OBJECT_CONVERSION = YES_AGGRESSIVE;
				CLANG_CXX_LANGUAGE_STANDARD = "gnu++14";
				CLANG_CXX_LIBRARY = "libc++";
				CLANG_ENABLE_MODULES = YES;
				CLANG_ENABLE_OBJC_ARC = YES;
				CLANG_ENABLE_OBJC_WEAK = YES;
				CLANG_WARN_BLOCK_CAPTURE_AUTORELEASING = YES;
				CLANG_WARN_BOOL_CONVERSION = YES;
				CLANG_WARN_COMMA = YES;
				CLANG_WARN_CONSTANT_CONVERSION = YES;
				CLANG_WARN_DEPRECATED_OBJC_IMPLEMENTATIONS = YES;
				CLANG_WARN_DIRECT_OBJC_ISA_USAGE = YES_ERROR;
				CLANG_WARN_DOCUMENTATION_COMMENTS = YES;
				CLANG_WARN_EMPTY_BODY = YES;
				CLANG_WARN_ENUM_CONVERSION = YES;
				CLANG_WARN_INFINITE_RECURSION = YES;
				CLANG_WARN_INT_CONVERSION = YES;
				CLANG_WARN_NON_LITERAL_NULL_CONVERSION = YES;
				CLANG_WARN_OBJC_IMPLICIT_RETAIN_SELF = YES;
				CLANG_WARN_OBJC_LITERAL_CONVERSION = YES;
				CLANG_WARN_OBJC_ROOT_CLASS = YES_ERROR;
				CLANG_WARN_RANGE_LOOP_ANALYSIS = YES;
				CLANG_WARN_STRICT_PROTOTYPES = YES;
				CLANG_WARN_SUSPICIOUS_MOVE = YES;
				CLANG_WARN_UNGUARDED_AVAILABILITY = YES_AGGRESSIVE;
				CLANG_WARN_UNREACHABLE_CODE = YES;
				CLANG_WARN__DUPLICATE_METHOD_MATCH = YES;
				COPY_PHASE_STRIP = NO;
				DEBUG_INFORMATION_FORMAT = dwarf;
				ENABLE_STRICT_OBJC_MSGSEND = YES;
				ENABLE_TESTABILITY = YES;
				GCC_C_LANGUAGE_STANDARD = gnu11;
				GCC_DYNAMIC_NO_PIC = NO;
				GCC_NO_COMMON_BLOCKS = YES;
				GCC_OPTIMIZATION_LEVEL = 0;
				GCC_PREPROCESSOR_DEFINITIONS = (
					"DEBUG=1",
					"$(inherited)",
				);
				GCC_WARN_64_TO_32_BIT_CONVERSION = YES;
				GCC_WARN_ABOUT_RETURN_TYPE = YES_ERROR;
				GCC_WARN_UNDECLARED_SELECTOR = YES;
				GCC_WARN_UNINITIALIZED_AUTOS = YES_AGGRESSIVE;
				GCC_WARN_UNUSED_FUNCTION = YES;
				GCC_WARN_UNUSED_VARIABLE = YES;
				IPHONEOS_DEPLOYMENT_TARGET = 13.2;
				MTL_ENABLE_DEBUG_INFO = INCLUDE_SOURCE;
				MTL_FAST_MATH = YES;
				ONLY_ACTIVE_ARCH = YES;
				SDKROOT = iphoneos;
				SWIFT_ACTIVE_COMPILATION_CONDITIONS = DEBUG;
				SWIFT_OPTIMIZATION_LEVEL = "-Onone";
			};
			name = Debug;
		};
		C9A7498A237852450046E924 /* Release */ = {
			isa = XCBuildConfiguration;
			buildSettings = {
				ALWAYS_SEARCH_USER_PATHS = NO;
				CLANG_ANALYZER_NONNULL = YES;
				CLANG_ANALYZER_NUMBER_OBJECT_CONVERSION = YES_AGGRESSIVE;
				CLANG_CXX_LANGUAGE_STANDARD = "gnu++14";
				CLANG_CXX_LIBRARY = "libc++";
				CLANG_ENABLE_MODULES = YES;
				CLANG_ENABLE_OBJC_ARC = YES;
				CLANG_ENABLE_OBJC_WEAK = YES;
				CLANG_WARN_BLOCK_CAPTURE_AUTORELEASING = YES;
				CLANG_WARN_BOOL_CONVERSION = YES;
				CLANG_WARN_COMMA = YES;
				CLANG_WARN_CONSTANT_CONVERSION = YES;
				CLANG_WARN_DEPRECATED_OBJC_IMPLEMENTATIONS = YES;
				CLANG_WARN_DIRECT_OBJC_ISA_USAGE = YES_ERROR;
				CLANG_WARN_DOCUMENTATION_COMMENTS = YES;
				CLANG_WARN_EMPTY_BODY = YES;
				CLANG_WARN_ENUM_CONVERSION = YES;
				CLANG_WARN_INFINITE_RECURSION = YES;
				CLANG_WARN_INT_CONVERSION = YES;
				CLANG_WARN_NON_LITERAL_NULL_CONVERSION = YES;
				CLANG_WARN_OBJC_IMPLICIT_RETAIN_SELF = YES;
				CLANG_WARN_OBJC_LITERAL_CONVERSION = YES;
				CLANG_WARN_OBJC_ROOT_CLASS = YES_ERROR;
				CLANG_WARN_RANGE_LOOP_ANALYSIS = YES;
				CLANG_WARN_STRICT_PROTOTYPES = YES;
				CLANG_WARN_SUSPICIOUS_MOVE = YES;
				CLANG_WARN_UNGUARDED_AVAILABILITY = YES_AGGRESSIVE;
				CLANG_WARN_UNREACHABLE_CODE = YES;
				CLANG_WARN__DUPLICATE_METHOD_MATCH = YES;
				COPY_PHASE_STRIP = NO;
				DEBUG_INFORMATION_FORMAT = "dwarf-with-dsym";
				ENABLE_NS_ASSERTIONS = NO;
				ENABLE_STRICT_OBJC_MSGSEND = YES;
				GCC_C_LANGUAGE_STANDARD = gnu11;
				GCC_NO_COMMON_BLOCKS = YES;
				GCC_WARN_64_TO_32_BIT_CONVERSION = YES;
				GCC_WARN_ABOUT_RETURN_TYPE = YES_ERROR;
				GCC_WARN_UNDECLARED_SELECTOR = YES;
				GCC_WARN_UNINITIALIZED_AUTOS = YES_AGGRESSIVE;
				GCC_WARN_UNUSED_FUNCTION = YES;
				GCC_WARN_UNUSED_VARIABLE = YES;
				IPHONEOS_DEPLOYMENT_TARGET = 13.2;
				MTL_ENABLE_DEBUG_INFO = NO;
				MTL_FAST_MATH = YES;
				SDKROOT = iphoneos;
				SWIFT_COMPILATION_MODE = wholemodule;
				SWIFT_OPTIMIZATION_LEVEL = "-O";
				VALIDATE_PRODUCT = YES;
			};
			name = Release;
		};
		C9FE85DA24B0CD0300B4CB45 /* Debug */ = {
			isa = XCBuildConfiguration;
			buildSettings = {
				ASSETCATALOG_COMPILER_APPICON_NAME = AppIcon;
				ASSETCATALOG_COMPILER_GLOBAL_ACCENT_COLOR_NAME = AccentColor;
				CLANG_WARN_QUOTED_INCLUDE_IN_FRAMEWORK_HEADER = YES;
				CODE_SIGN_ENTITLEMENTS = "Courier macOS/Courier_macOS.entitlements";
				CODE_SIGN_STYLE = Automatic;
				COMBINE_HIDPI_IMAGES = YES;
				DEVELOPMENT_ASSET_PATHS = "\"Courier macOS/Preview Content\"";
				DEVELOPMENT_TEAM = PE8BN56Z28;
				ENABLE_HARDENED_RUNTIME = YES;
				ENABLE_PREVIEWS = YES;
				FRAMEWORK_SEARCH_PATHS = "$(SRCROOT)/Carthage/Build/Mac";
				INFOPLIST_FILE = "Courier macOS/Info.plist";
				LD_RUNPATH_SEARCH_PATHS = (
					"$(inherited)",
					"@executable_path/../Frameworks",
				);
				MACOSX_DEPLOYMENT_TARGET = 10.16;
				PRODUCT_BUNDLE_IDENTIFIER = com.mattmoriarity.Courier;
				PRODUCT_NAME = "$(TARGET_NAME)";
				SDKROOT = macosx;
				SWIFT_VERSION = 5.0;
			};
			name = Debug;
		};
		C9FE85DB24B0CD0300B4CB45 /* Release */ = {
			isa = XCBuildConfiguration;
			buildSettings = {
				ASSETCATALOG_COMPILER_APPICON_NAME = AppIcon;
				ASSETCATALOG_COMPILER_GLOBAL_ACCENT_COLOR_NAME = AccentColor;
				CLANG_WARN_QUOTED_INCLUDE_IN_FRAMEWORK_HEADER = YES;
				CODE_SIGN_ENTITLEMENTS = "Courier macOS/Courier_macOS.entitlements";
				CODE_SIGN_STYLE = Automatic;
				COMBINE_HIDPI_IMAGES = YES;
				DEVELOPMENT_ASSET_PATHS = "\"Courier macOS/Preview Content\"";
				DEVELOPMENT_TEAM = PE8BN56Z28;
				ENABLE_HARDENED_RUNTIME = YES;
				ENABLE_PREVIEWS = YES;
				FRAMEWORK_SEARCH_PATHS = "$(SRCROOT)/Carthage/Build/Mac";
				INFOPLIST_FILE = "Courier macOS/Info.plist";
				LD_RUNPATH_SEARCH_PATHS = (
					"$(inherited)",
					"@executable_path/../Frameworks",
				);
				MACOSX_DEPLOYMENT_TARGET = 10.16;
				PRODUCT_BUNDLE_IDENTIFIER = com.mattmoriarity.Courier;
				PRODUCT_NAME = "$(TARGET_NAME)";
				SDKROOT = macosx;
				SWIFT_VERSION = 5.0;
			};
			name = Release;
		};
/* End XCBuildConfiguration section */

/* Begin XCConfigurationList section */
		C95AD86F24687B2D00691417 /* Build configuration list for PBXNativeTarget "Courier" */ = {
			isa = XCConfigurationList;
			buildConfigurations = (
				C95AD86B24687B2D00691417 /* Debug */,
				C95AD86C24687B2D00691417 /* Release */,
			);
			defaultConfigurationIsVisible = 0;
			defaultConfigurationName = Release;
		};
		C95AD87024687B2D00691417 /* Build configuration list for PBXNativeTarget "CourierTests" */ = {
			isa = XCConfigurationList;
			buildConfigurations = (
				C95AD86D24687B2D00691417 /* Debug */,
				C95AD86E24687B2D00691417 /* Release */,
			);
			defaultConfigurationIsVisible = 0;
			defaultConfigurationName = Release;
		};
		C9A74965237852430046E924 /* Build configuration list for PBXProject "Courier" */ = {
			isa = XCConfigurationList;
			buildConfigurations = (
				C9A74989237852450046E924 /* Debug */,
				C9A7498A237852450046E924 /* Release */,
			);
			defaultConfigurationIsVisible = 0;
			defaultConfigurationName = Release;
		};
		C9FE85DC24B0CD0300B4CB45 /* Build configuration list for PBXNativeTarget "Courier macOS" */ = {
			isa = XCConfigurationList;
			buildConfigurations = (
				C9FE85DA24B0CD0300B4CB45 /* Debug */,
				C9FE85DB24B0CD0300B4CB45 /* Release */,
			);
			defaultConfigurationIsVisible = 0;
			defaultConfigurationName = Release;
		};
/* End XCConfigurationList section */

/* Begin XCRemoteSwiftPackageReference section */
		C906544D24DFBCE70025003B /* XCRemoteSwiftPackageReference "SwiftSoup" */ = {
			isa = XCRemoteSwiftPackageReference;
			repositoryURL = "https://github.com/scinfu/SwiftSoup.git";
			requirement = {
				kind = upToNextMajorVersion;
				minimumVersion = 2.3.2;
			};
		};
		C97232682401ED6100C400EA /* XCRemoteSwiftPackageReference "push-notifications-swift" */ = {
			isa = XCRemoteSwiftPackageReference;
			repositoryURL = "https://github.com/pusher/push-notifications-swift";
			requirement = {
				kind = upToNextMajorVersion;
				minimumVersion = 3.0.4;
			};
		};
		C9C347812471FA9D004027DE /* XCRemoteSwiftPackageReference "Relay.swift" */ = {
			isa = XCRemoteSwiftPackageReference;
			repositoryURL = "https://github.com/mjm/Relay.swift.git";
			requirement = {
				branch = master;
				kind = branch;
			};
		};
		C9C61DBB2479C43500B344A3 /* XCRemoteSwiftPackageReference "pusher-websocket-swift" */ = {
			isa = XCRemoteSwiftPackageReference;
			repositoryURL = "https://github.com/pusher/pusher-websocket-swift.git";
			requirement = {
				kind = upToNextMajorVersion;
				minimumVersion = 8.0.0;
			};
		};
/* End XCRemoteSwiftPackageReference section */

/* Begin XCSwiftPackageProductDependency section */
		C906544E24DFBCE70025003B /* SwiftSoup */ = {
			isa = XCSwiftPackageProductDependency;
			package = C906544D24DFBCE70025003B /* XCRemoteSwiftPackageReference "SwiftSoup" */;
			productName = SwiftSoup;
		};
		C9C34775247081E6004027DE /* PushNotifications */ = {
			isa = XCSwiftPackageProductDependency;
			package = C97232682401ED6100C400EA /* XCRemoteSwiftPackageReference "push-notifications-swift" */;
			productName = PushNotifications;
		};
		C9C61DBC2479C43500B344A3 /* PusherSwift */ = {
			isa = XCSwiftPackageProductDependency;
			package = C9C61DBB2479C43500B344A3 /* XCRemoteSwiftPackageReference "pusher-websocket-swift" */;
			productName = PusherSwift;
		};
		C9D63CF524C40E1B0053FD34 /* CourierGenerated */ = {
			isa = XCSwiftPackageProductDependency;
			productName = CourierGenerated;
		};
		C9FE85E524B0D2A600B4CB45 /* RelaySwiftUI */ = {
			isa = XCSwiftPackageProductDependency;
			productName = RelaySwiftUI;
		};
/* End XCSwiftPackageProductDependency section */
	};
	rootObject = C9A74962237852430046E924 /* Project object */;
}
